// !$*UTF8*$!
{
	archiveVersion = 1;
	classes = {
	};
	objectVersion = 55;
	objects = {

/* Begin PBXBuildFile section */
		000AE1D1284C922500AF59BE /* UserRepository.swift in Sources */ = {isa = PBXBuildFile; fileRef = 000AE1D0284C922500AF59BE /* UserRepository.swift */; };
		000D83262840E23800BA3DFA /* TaxiApp.swift in Sources */ = {isa = PBXBuildFile; fileRef = 000D83252840E23800BA3DFA /* TaxiApp.swift */; };
		000D83282840E23800BA3DFA /* ContentView.swift in Sources */ = {isa = PBXBuildFile; fileRef = 000D83272840E23800BA3DFA /* ContentView.swift */; };
		000D832A2840E23A00BA3DFA /* Assets.xcassets in Resources */ = {isa = PBXBuildFile; fileRef = 000D83292840E23A00BA3DFA /* Assets.xcassets */; };
		000D832D2840E23A00BA3DFA /* Preview Assets.xcassets in Resources */ = {isa = PBXBuildFile; fileRef = 000D832C2840E23A00BA3DFA /* Preview Assets.xcassets */; };
		000D83372840E23A00BA3DFA /* TaxiTests.swift in Sources */ = {isa = PBXBuildFile; fileRef = 000D83362840E23A00BA3DFA /* TaxiTests.swift */; };
		000D83412840E23A00BA3DFA /* TaxiUITests.swift in Sources */ = {isa = PBXBuildFile; fileRef = 000D83402840E23A00BA3DFA /* TaxiUITests.swift */; };
		000D83432840E23A00BA3DFA /* TaxiUITestsLaunchTests.swift in Sources */ = {isa = PBXBuildFile; fileRef = 000D83422840E23A00BA3DFA /* TaxiUITestsLaunchTests.swift */; };
		000E83B4284A2D55000CD5AA /* GoogleService-Info.plist in Resources */ = {isa = PBXBuildFile; fileRef = 000E83B3284A2D55000CD5AA /* GoogleService-Info.plist */; };
		000E83B7284A2DBF000CD5AA /* FirebaseMessaging in Frameworks */ = {isa = PBXBuildFile; productRef = 000E83B6284A2DBF000CD5AA /* FirebaseMessaging */; };
		00102B63284D833C000B8BFF /* 1Profile.jpg in Resources */ = {isa = PBXBuildFile; fileRef = 00102B62284D833C000B8BFF /* 1Profile.jpg */; };
		002F89EB284CA10800D7E51B /* UserFirebaseDataSource.swift in Sources */ = {isa = PBXBuildFile; fileRef = 002F89EA284CA10800D7E51B /* UserFirebaseDataSource.swift */; };
		002F89EF284CA5FF00D7E51B /* UserRepositoryTest.swift in Sources */ = {isa = PBXBuildFile; fileRef = 002F89EE284CA5FF00D7E51B /* UserRepositoryTest.swift */; };
		003ABC0C284749F7000FA7A2 /* .swiftlint.yml in Resources */ = {isa = PBXBuildFile; fileRef = 003ABC0B284749F7000FA7A2 /* .swiftlint.yml */; };
		00437E2F28503D3000844821 /* MyTaxiPartyRepository.swift in Sources */ = {isa = PBXBuildFile; fileRef = 00437E2E28503D3000844821 /* MyTaxiPartyRepository.swift */; };
		00437E312850409C00844821 /* MyTaxiPartyRepositoryTest.swift in Sources */ = {isa = PBXBuildFile; fileRef = 00437E302850409C00844821 /* MyTaxiPartyRepositoryTest.swift */; };
		00842A94284B2682000292E5 /* TaxiParty.swift in Sources */ = {isa = PBXBuildFile; fileRef = 00842A93284B2682000292E5 /* TaxiParty.swift */; };
		00842A96284B287D000292E5 /* Place.swift in Sources */ = {isa = PBXBuildFile; fileRef = 00842A95284B287D000292E5 /* Place.swift */; };
		00D3AE72284F8467001E34A0 /* TaxiPartyRepository.swift in Sources */ = {isa = PBXBuildFile; fileRef = 00D3AE71284F8467001E34A0 /* TaxiPartyRepository.swift */; };
		00D3AE74284F87DB001E34A0 /* TaxiPartyRepositoryTest.swift in Sources */ = {isa = PBXBuildFile; fileRef = 00D3AE73284F87DB001E34A0 /* TaxiPartyRepositoryTest.swift */; };
		00D3AE76284F8B55001E34A0 /* TaxiPartyFirebaseDataSource.swift in Sources */ = {isa = PBXBuildFile; fileRef = 00D3AE75284F8B55001E34A0 /* TaxiPartyFirebaseDataSource.swift */; };
		00E8F1B9284B213C00D68DF0 /* User.swift in Sources */ = {isa = PBXBuildFile; fileRef = 00E8F1B8284B213C00D68DF0 /* User.swift */; };
		00E8F1BB284B21FE00D68DF0 /* Message.swift in Sources */ = {isa = PBXBuildFile; fileRef = 00E8F1BA284B21FE00D68DF0 /* Message.swift */; };
		00F8569A2844A985008E2E2F /* FirebaseAnalytics in Frameworks */ = {isa = PBXBuildFile; productRef = 00F856992844A985008E2E2F /* FirebaseAnalytics */; };
		00F8569C2844A985008E2E2F /* FirebaseAuth in Frameworks */ = {isa = PBXBuildFile; productRef = 00F8569B2844A985008E2E2F /* FirebaseAuth */; };
		00F8569E2844A985008E2E2F /* FirebaseAuthCombine-Community in Frameworks */ = {isa = PBXBuildFile; productRef = 00F8569D2844A985008E2E2F /* FirebaseAuthCombine-Community */; };
		00F856A02844A985008E2E2F /* FirebaseFirestore in Frameworks */ = {isa = PBXBuildFile; productRef = 00F8569F2844A985008E2E2F /* FirebaseFirestore */; };
		00F856A22844A985008E2E2F /* FirebaseFirestoreCombine-Community in Frameworks */ = {isa = PBXBuildFile; productRef = 00F856A12844A985008E2E2F /* FirebaseFirestoreCombine-Community */; };
		00F856A42844A985008E2E2F /* FirebaseFirestoreSwift in Frameworks */ = {isa = PBXBuildFile; productRef = 00F856A32844A985008E2E2F /* FirebaseFirestoreSwift */; };
		00F856A62844A985008E2E2F /* FirebaseFunctions in Frameworks */ = {isa = PBXBuildFile; productRef = 00F856A52844A985008E2E2F /* FirebaseFunctions */; };
		00F856A82844A985008E2E2F /* FirebaseFunctionsCombine-Community in Frameworks */ = {isa = PBXBuildFile; productRef = 00F856A72844A985008E2E2F /* FirebaseFunctionsCombine-Community */; };
		00F856AA2844A985008E2E2F /* FirebaseStorage in Frameworks */ = {isa = PBXBuildFile; productRef = 00F856A92844A985008E2E2F /* FirebaseStorage */; };
		00F856AC2844A985008E2E2F /* FirebaseStorageCombine-Community in Frameworks */ = {isa = PBXBuildFile; productRef = 00F856AB2844A985008E2E2F /* FirebaseStorageCombine-Community */; };
/* End PBXBuildFile section */

/* Begin PBXContainerItemProxy section */
		000D83332840E23A00BA3DFA /* PBXContainerItemProxy */ = {
			isa = PBXContainerItemProxy;
			containerPortal = 000D831A2840E23800BA3DFA /* Project object */;
			proxyType = 1;
			remoteGlobalIDString = 000D83212840E23800BA3DFA;
			remoteInfo = Taxi;
		};
		000D833D2840E23A00BA3DFA /* PBXContainerItemProxy */ = {
			isa = PBXContainerItemProxy;
			containerPortal = 000D831A2840E23800BA3DFA /* Project object */;
			proxyType = 1;
			remoteGlobalIDString = 000D83212840E23800BA3DFA;
			remoteInfo = Taxi;
		};
/* End PBXContainerItemProxy section */

/* Begin PBXFileReference section */
		000AE1D0284C922500AF59BE /* UserRepository.swift */ = {isa = PBXFileReference; lastKnownFileType = sourcecode.swift; path = UserRepository.swift; sourceTree = "<group>"; };
		000D83222840E23800BA3DFA /* Taxi.app */ = {isa = PBXFileReference; explicitFileType = wrapper.application; includeInIndex = 0; path = Taxi.app; sourceTree = BUILT_PRODUCTS_DIR; };
		000D83252840E23800BA3DFA /* TaxiApp.swift */ = {isa = PBXFileReference; lastKnownFileType = sourcecode.swift; path = TaxiApp.swift; sourceTree = "<group>"; };
		000D83272840E23800BA3DFA /* ContentView.swift */ = {isa = PBXFileReference; lastKnownFileType = sourcecode.swift; path = ContentView.swift; sourceTree = "<group>"; };
		000D83292840E23A00BA3DFA /* Assets.xcassets */ = {isa = PBXFileReference; lastKnownFileType = folder.assetcatalog; path = Assets.xcassets; sourceTree = "<group>"; };
		000D832C2840E23A00BA3DFA /* Preview Assets.xcassets */ = {isa = PBXFileReference; lastKnownFileType = folder.assetcatalog; path = "Preview Assets.xcassets"; sourceTree = "<group>"; };
		000D83322840E23A00BA3DFA /* TaxiTests.xctest */ = {isa = PBXFileReference; explicitFileType = wrapper.cfbundle; includeInIndex = 0; path = TaxiTests.xctest; sourceTree = BUILT_PRODUCTS_DIR; };
		000D83362840E23A00BA3DFA /* TaxiTests.swift */ = {isa = PBXFileReference; lastKnownFileType = sourcecode.swift; path = TaxiTests.swift; sourceTree = "<group>"; };
		000D833C2840E23A00BA3DFA /* TaxiUITests.xctest */ = {isa = PBXFileReference; explicitFileType = wrapper.cfbundle; includeInIndex = 0; path = TaxiUITests.xctest; sourceTree = BUILT_PRODUCTS_DIR; };
		000D83402840E23A00BA3DFA /* TaxiUITests.swift */ = {isa = PBXFileReference; lastKnownFileType = sourcecode.swift; path = TaxiUITests.swift; sourceTree = "<group>"; };
		000D83422840E23A00BA3DFA /* TaxiUITestsLaunchTests.swift */ = {isa = PBXFileReference; lastKnownFileType = sourcecode.swift; path = TaxiUITestsLaunchTests.swift; sourceTree = "<group>"; };
		000E83B3284A2D55000CD5AA /* GoogleService-Info.plist */ = {isa = PBXFileReference; fileEncoding = 4; lastKnownFileType = text.plist.xml; path = "GoogleService-Info.plist"; sourceTree = "<group>"; };
		00102B62284D833C000B8BFF /* 1Profile.jpg */ = {isa = PBXFileReference; lastKnownFileType = image.jpeg; path = 1Profile.jpg; sourceTree = "<group>"; };
		002F89EA284CA10800D7E51B /* UserFirebaseDataSource.swift */ = {isa = PBXFileReference; lastKnownFileType = sourcecode.swift; path = UserFirebaseDataSource.swift; sourceTree = "<group>"; };
		002F89EE284CA5FF00D7E51B /* UserRepositoryTest.swift */ = {isa = PBXFileReference; lastKnownFileType = sourcecode.swift; path = UserRepositoryTest.swift; sourceTree = "<group>"; };
		003ABC0B284749F7000FA7A2 /* .swiftlint.yml */ = {isa = PBXFileReference; lastKnownFileType = text.yaml; path = .swiftlint.yml; sourceTree = "<group>"; };
		00437E2E28503D3000844821 /* MyTaxiPartyRepository.swift */ = {isa = PBXFileReference; lastKnownFileType = sourcecode.swift; path = MyTaxiPartyRepository.swift; sourceTree = "<group>"; };
		00437E302850409C00844821 /* MyTaxiPartyRepositoryTest.swift */ = {isa = PBXFileReference; lastKnownFileType = sourcecode.swift; path = MyTaxiPartyRepositoryTest.swift; sourceTree = "<group>"; };
		004A833B28470DAA00E07EA0 /* TaxiRelease.entitlements */ = {isa = PBXFileReference; lastKnownFileType = text.plist.entitlements; path = TaxiRelease.entitlements; sourceTree = "<group>"; };
		004A833C28470DCC00E07EA0 /* Info.plist */ = {isa = PBXFileReference; lastKnownFileType = text.plist; path = Info.plist; sourceTree = "<group>"; };
		00842A93284B2682000292E5 /* TaxiParty.swift */ = {isa = PBXFileReference; lastKnownFileType = sourcecode.swift; path = TaxiParty.swift; sourceTree = "<group>"; };
		00842A95284B287D000292E5 /* Place.swift */ = {isa = PBXFileReference; lastKnownFileType = sourcecode.swift; path = Place.swift; sourceTree = "<group>"; };
		00D3AE71284F8467001E34A0 /* TaxiPartyRepository.swift */ = {isa = PBXFileReference; lastKnownFileType = sourcecode.swift; path = TaxiPartyRepository.swift; sourceTree = "<group>"; };
		00D3AE73284F87DB001E34A0 /* TaxiPartyRepositoryTest.swift */ = {isa = PBXFileReference; lastKnownFileType = sourcecode.swift; path = TaxiPartyRepositoryTest.swift; sourceTree = "<group>"; };
		00D3AE75284F8B55001E34A0 /* TaxiPartyFirebaseDataSource.swift */ = {isa = PBXFileReference; lastKnownFileType = sourcecode.swift; path = TaxiPartyFirebaseDataSource.swift; sourceTree = "<group>"; };
		00E8F1B8284B213C00D68DF0 /* User.swift */ = {isa = PBXFileReference; lastKnownFileType = sourcecode.swift; path = User.swift; sourceTree = "<group>"; };
		00E8F1BA284B21FE00D68DF0 /* Message.swift */ = {isa = PBXFileReference; lastKnownFileType = sourcecode.swift; path = Message.swift; sourceTree = "<group>"; };
/* End PBXFileReference section */

/* Begin PBXFrameworksBuildPhase section */
		000D831F2840E23800BA3DFA /* Frameworks */ = {
			isa = PBXFrameworksBuildPhase;
			buildActionMask = 2147483647;
			files = (
				00F8569A2844A985008E2E2F /* FirebaseAnalytics in Frameworks */,
				00F856A62844A985008E2E2F /* FirebaseFunctions in Frameworks */,
				00F856AC2844A985008E2E2F /* FirebaseStorageCombine-Community in Frameworks */,
				00F856AA2844A985008E2E2F /* FirebaseStorage in Frameworks */,
				00F856A02844A985008E2E2F /* FirebaseFirestore in Frameworks */,
				00F8569E2844A985008E2E2F /* FirebaseAuthCombine-Community in Frameworks */,
				00F856A22844A985008E2E2F /* FirebaseFirestoreCombine-Community in Frameworks */,
				00F8569C2844A985008E2E2F /* FirebaseAuth in Frameworks */,
				00F856A42844A985008E2E2F /* FirebaseFirestoreSwift in Frameworks */,
				000E83B7284A2DBF000CD5AA /* FirebaseMessaging in Frameworks */,
				00F856A82844A985008E2E2F /* FirebaseFunctionsCombine-Community in Frameworks */,
			);
			runOnlyForDeploymentPostprocessing = 0;
		};
		000D832F2840E23A00BA3DFA /* Frameworks */ = {
			isa = PBXFrameworksBuildPhase;
			buildActionMask = 2147483647;
			files = (
			);
			runOnlyForDeploymentPostprocessing = 0;
		};
		000D83392840E23A00BA3DFA /* Frameworks */ = {
			isa = PBXFrameworksBuildPhase;
			buildActionMask = 2147483647;
			files = (
			);
			runOnlyForDeploymentPostprocessing = 0;
		};
/* End PBXFrameworksBuildPhase section */

/* Begin PBXGroup section */
		000AE1CD284C8FE700AF59BE /* Model */ = {
			isa = PBXGroup;
			children = (
				00E8F1B8284B213C00D68DF0 /* User.swift */,
				00E8F1BA284B21FE00D68DF0 /* Message.swift */,
				00842A93284B2682000292E5 /* TaxiParty.swift */,
				00842A95284B287D000292E5 /* Place.swift */,
			);
			path = Model;
			sourceTree = "<group>";
		};
		000AE1CE284C8FF000AF59BE /* UseCase */ = {
			isa = PBXGroup;
			children = (
			);
			path = UseCase;
			sourceTree = "<group>";
		};
		000AE1CF284C920B00AF59BE /* Interface */ = {
			isa = PBXGroup;
			children = (
				000AE1D0284C922500AF59BE /* UserRepository.swift */,
				00D3AE71284F8467001E34A0 /* TaxiPartyRepository.swift */,
				00437E2E28503D3000844821 /* MyTaxiPartyRepository.swift */,
			);
			path = Interface;
			sourceTree = "<group>";
		};
		000D83192840E23800BA3DFA = {
			isa = PBXGroup;
			children = (
				00102B62284D833C000B8BFF /* 1Profile.jpg */,
				003ABC0B284749F7000FA7A2 /* .swiftlint.yml */,
				000E83B3284A2D55000CD5AA /* GoogleService-Info.plist */,
				000D83242840E23800BA3DFA /* Taxi */,
				000D83352840E23A00BA3DFA /* TaxiTests */,
				000D833F2840E23A00BA3DFA /* TaxiUITests */,
				000D83232840E23800BA3DFA /* Products */,
				000E83B5284A2DB6000CD5AA /* Frameworks */,
			);
			sourceTree = "<group>";
		};
		000D83232840E23800BA3DFA /* Products */ = {
			isa = PBXGroup;
			children = (
				000D83222840E23800BA3DFA /* Taxi.app */,
				000D83322840E23A00BA3DFA /* TaxiTests.xctest */,
				000D833C2840E23A00BA3DFA /* TaxiUITests.xctest */,
			);
			name = Products;
			sourceTree = "<group>";
		};
		000D83242840E23800BA3DFA /* Taxi */ = {
			isa = PBXGroup;
			children = (
				004A833C28470DCC00E07EA0 /* Info.plist */,
				004A833B28470DAA00E07EA0 /* TaxiRelease.entitlements */,
				00F85695284492BC008E2E2F /* Extension */,
				00F85694284492B5008E2E2F /* Constant */,
				00F85693284492AC008E2E2F /* Data */,
				00F85692284492A8008E2E2F /* Domain */,
				00F856912844927A008E2E2F /* Presenter */,
				000D83252840E23800BA3DFA /* TaxiApp.swift */,
				000D83272840E23800BA3DFA /* ContentView.swift */,
				000D83292840E23A00BA3DFA /* Assets.xcassets */,
				000D832B2840E23A00BA3DFA /* Preview Content */,
			);
			path = Taxi;
			sourceTree = "<group>";
		};
		000D832B2840E23A00BA3DFA /* Preview Content */ = {
			isa = PBXGroup;
			children = (
				000D832C2840E23A00BA3DFA /* Preview Assets.xcassets */,
			);
			path = "Preview Content";
			sourceTree = "<group>";
		};
		000D83352840E23A00BA3DFA /* TaxiTests */ = {
			isa = PBXGroup;
			children = (
				000D83362840E23A00BA3DFA /* TaxiTests.swift */,
				002F89EE284CA5FF00D7E51B /* UserRepositoryTest.swift */,
				00D3AE73284F87DB001E34A0 /* TaxiPartyRepositoryTest.swift */,
				00437E302850409C00844821 /* MyTaxiPartyRepositoryTest.swift */,
			);
			path = TaxiTests;
			sourceTree = "<group>";
		};
		000D833F2840E23A00BA3DFA /* TaxiUITests */ = {
			isa = PBXGroup;
			children = (
				000D83402840E23A00BA3DFA /* TaxiUITests.swift */,
				000D83422840E23A00BA3DFA /* TaxiUITestsLaunchTests.swift */,
			);
			path = TaxiUITests;
			sourceTree = "<group>";
		};
		000E83B5284A2DB6000CD5AA /* Frameworks */ = {
			isa = PBXGroup;
			children = (
			);
			name = Frameworks;
			sourceTree = "<group>";
		};
		00F856912844927A008E2E2F /* Presenter */ = {
			isa = PBXGroup;
			children = (
			);
			path = Presenter;
			sourceTree = "<group>";
		};
		00F85692284492A8008E2E2F /* Domain */ = {
			isa = PBXGroup;
			children = (
				000AE1CF284C920B00AF59BE /* Interface */,
				000AE1CE284C8FF000AF59BE /* UseCase */,
				000AE1CD284C8FE700AF59BE /* Model */,
			);
			path = Domain;
			sourceTree = "<group>";
		};
		00F85693284492AC008E2E2F /* Data */ = {
			isa = PBXGroup;
			children = (
				002F89EA284CA10800D7E51B /* UserFirebaseDataSource.swift */,
				00D3AE75284F8B55001E34A0 /* TaxiPartyFirebaseDataSource.swift */,
			);
			path = Data;
			sourceTree = "<group>";
		};
		00F85694284492B5008E2E2F /* Constant */ = {
			isa = PBXGroup;
			children = (
			);
			path = Constant;
			sourceTree = "<group>";
		};
		00F85695284492BC008E2E2F /* Extension */ = {
			isa = PBXGroup;
			children = (
			);
			path = Extension;
			sourceTree = "<group>";
		};
/* End PBXGroup section */

/* Begin PBXNativeTarget section */
		000D83212840E23800BA3DFA /* Taxi */ = {
			isa = PBXNativeTarget;
			buildConfigurationList = 000D83462840E23A00BA3DFA /* Build configuration list for PBXNativeTarget "Taxi" */;
			buildPhases = (
				003ABC0A28474963000FA7A2 /* SwiftLint Script */,
				000D831E2840E23800BA3DFA /* Sources */,
				000D831F2840E23800BA3DFA /* Frameworks */,
				000D83202840E23800BA3DFA /* Resources */,
			);
			buildRules = (
			);
			dependencies = (
			);
			name = Taxi;
			packageProductDependencies = (
				00F856992844A985008E2E2F /* FirebaseAnalytics */,
				00F8569B2844A985008E2E2F /* FirebaseAuth */,
				00F8569D2844A985008E2E2F /* FirebaseAuthCombine-Community */,
				00F8569F2844A985008E2E2F /* FirebaseFirestore */,
				00F856A12844A985008E2E2F /* FirebaseFirestoreCombine-Community */,
				00F856A32844A985008E2E2F /* FirebaseFirestoreSwift */,
				00F856A52844A985008E2E2F /* FirebaseFunctions */,
				00F856A72844A985008E2E2F /* FirebaseFunctionsCombine-Community */,
				00F856A92844A985008E2E2F /* FirebaseStorage */,
				00F856AB2844A985008E2E2F /* FirebaseStorageCombine-Community */,
				000E83B6284A2DBF000CD5AA /* FirebaseMessaging */,
			);
			productName = Taxi;
			productReference = 000D83222840E23800BA3DFA /* Taxi.app */;
			productType = "com.apple.product-type.application";
		};
		000D83312840E23A00BA3DFA /* TaxiTests */ = {
			isa = PBXNativeTarget;
			buildConfigurationList = 000D83492840E23A00BA3DFA /* Build configuration list for PBXNativeTarget "TaxiTests" */;
			buildPhases = (
				000D832E2840E23A00BA3DFA /* Sources */,
				000D832F2840E23A00BA3DFA /* Frameworks */,
				000D83302840E23A00BA3DFA /* Resources */,
			);
			buildRules = (
			);
			dependencies = (
				000D83342840E23A00BA3DFA /* PBXTargetDependency */,
			);
			name = TaxiTests;
			productName = TaxiTests;
			productReference = 000D83322840E23A00BA3DFA /* TaxiTests.xctest */;
			productType = "com.apple.product-type.bundle.unit-test";
		};
		000D833B2840E23A00BA3DFA /* TaxiUITests */ = {
			isa = PBXNativeTarget;
			buildConfigurationList = 000D834C2840E23A00BA3DFA /* Build configuration list for PBXNativeTarget "TaxiUITests" */;
			buildPhases = (
				000D83382840E23A00BA3DFA /* Sources */,
				000D83392840E23A00BA3DFA /* Frameworks */,
				000D833A2840E23A00BA3DFA /* Resources */,
			);
			buildRules = (
			);
			dependencies = (
				000D833E2840E23A00BA3DFA /* PBXTargetDependency */,
			);
			name = TaxiUITests;
			productName = TaxiUITests;
			productReference = 000D833C2840E23A00BA3DFA /* TaxiUITests.xctest */;
			productType = "com.apple.product-type.bundle.ui-testing";
		};
/* End PBXNativeTarget section */

/* Begin PBXProject section */
		000D831A2840E23800BA3DFA /* Project object */ = {
			isa = PBXProject;
			attributes = {
				BuildIndependentTargetsInParallel = 1;
				LastSwiftUpdateCheck = 1340;
				LastUpgradeCheck = 1340;
				TargetAttributes = {
					000D83212840E23800BA3DFA = {
						CreatedOnToolsVersion = 13.4;
					};
					000D83312840E23A00BA3DFA = {
						CreatedOnToolsVersion = 13.4;
						TestTargetID = 000D83212840E23800BA3DFA;
					};
					000D833B2840E23A00BA3DFA = {
						CreatedOnToolsVersion = 13.4;
						TestTargetID = 000D83212840E23800BA3DFA;
					};
				};
			};
			buildConfigurationList = 000D831D2840E23800BA3DFA /* Build configuration list for PBXProject "Taxi" */;
			compatibilityVersion = "Xcode 13.0";
			developmentRegion = en;
			hasScannedForEncodings = 0;
			knownRegions = (
				en,
				Base,
			);
			mainGroup = 000D83192840E23800BA3DFA;
			packageReferences = (
				00F856982844A985008E2E2F /* XCRemoteSwiftPackageReference "firebase-ios-sdk" */,
			);
			productRefGroup = 000D83232840E23800BA3DFA /* Products */;
			projectDirPath = "";
			projectRoot = "";
			targets = (
				000D83212840E23800BA3DFA /* Taxi */,
				000D83312840E23A00BA3DFA /* TaxiTests */,
				000D833B2840E23A00BA3DFA /* TaxiUITests */,
			);
		};
/* End PBXProject section */

/* Begin PBXResourcesBuildPhase section */
		000D83202840E23800BA3DFA /* Resources */ = {
			isa = PBXResourcesBuildPhase;
			buildActionMask = 2147483647;
			files = (
				003ABC0C284749F7000FA7A2 /* .swiftlint.yml in Resources */,
				000E83B4284A2D55000CD5AA /* GoogleService-Info.plist in Resources */,
				000D832D2840E23A00BA3DFA /* Preview Assets.xcassets in Resources */,
				000D832A2840E23A00BA3DFA /* Assets.xcassets in Resources */,
			);
			runOnlyForDeploymentPostprocessing = 0;
		};
		000D83302840E23A00BA3DFA /* Resources */ = {
			isa = PBXResourcesBuildPhase;
			buildActionMask = 2147483647;
			files = (
				00102B63284D833C000B8BFF /* 1Profile.jpg in Resources */,
			);
			runOnlyForDeploymentPostprocessing = 0;
		};
		000D833A2840E23A00BA3DFA /* Resources */ = {
			isa = PBXResourcesBuildPhase;
			buildActionMask = 2147483647;
			files = (
			);
			runOnlyForDeploymentPostprocessing = 0;
		};
/* End PBXResourcesBuildPhase section */

/* Begin PBXShellScriptBuildPhase section */
		003ABC0A28474963000FA7A2 /* SwiftLint Script */ = {
			isa = PBXShellScriptBuildPhase;
			buildActionMask = 2147483647;
			files = (
			);
			inputFileListPaths = (
			);
			inputPaths = (
			);
			name = "SwiftLint Script";
			outputFileListPaths = (
			);
			outputPaths = (
			);
			runOnlyForDeploymentPostprocessing = 0;
			shellPath = /bin/sh;
			shellScript = "export PATH=\"$PATH:/opt/homebrew/bin\" \nif which swiftlint > /dev/null; then\n  swiftlint\nelse\n  echo \"warning: SwiftLint not installed, download from https://github.com/realm/SwiftLint\"\nfi\n";
		};
/* End PBXShellScriptBuildPhase section */

/* Begin PBXSourcesBuildPhase section */
		000D831E2840E23800BA3DFA /* Sources */ = {
			isa = PBXSourcesBuildPhase;
			buildActionMask = 2147483647;
			files = (
				000D83282840E23800BA3DFA /* ContentView.swift in Sources */,
				00D3AE72284F8467001E34A0 /* TaxiPartyRepository.swift in Sources */,
				00E8F1BB284B21FE00D68DF0 /* Message.swift in Sources */,
				002F89EB284CA10800D7E51B /* UserFirebaseDataSource.swift in Sources */,
				00437E2F28503D3000844821 /* MyTaxiPartyRepository.swift in Sources */,
				000D83262840E23800BA3DFA /* TaxiApp.swift in Sources */,
				000AE1D1284C922500AF59BE /* UserRepository.swift in Sources */,
				00842A96284B287D000292E5 /* Place.swift in Sources */,
				00E8F1B9284B213C00D68DF0 /* User.swift in Sources */,
				00D3AE76284F8B55001E34A0 /* TaxiPartyFirebaseDataSource.swift in Sources */,
				00842A94284B2682000292E5 /* TaxiParty.swift in Sources */,
			);
			runOnlyForDeploymentPostprocessing = 0;
		};
		000D832E2840E23A00BA3DFA /* Sources */ = {
			isa = PBXSourcesBuildPhase;
			buildActionMask = 2147483647;
			files = (
				00D3AE74284F87DB001E34A0 /* TaxiPartyRepositoryTest.swift in Sources */,
				002F89EF284CA5FF00D7E51B /* UserRepositoryTest.swift in Sources */,
				00437E312850409C00844821 /* MyTaxiPartyRepositoryTest.swift in Sources */,
				000D83372840E23A00BA3DFA /* TaxiTests.swift in Sources */,
			);
			runOnlyForDeploymentPostprocessing = 0;
		};
		000D83382840E23A00BA3DFA /* Sources */ = {
			isa = PBXSourcesBuildPhase;
			buildActionMask = 2147483647;
			files = (
				000D83432840E23A00BA3DFA /* TaxiUITestsLaunchTests.swift in Sources */,
				000D83412840E23A00BA3DFA /* TaxiUITests.swift in Sources */,
			);
			runOnlyForDeploymentPostprocessing = 0;
		};
/* End PBXSourcesBuildPhase section */

/* Begin PBXTargetDependency section */
		000D83342840E23A00BA3DFA /* PBXTargetDependency */ = {
			isa = PBXTargetDependency;
			target = 000D83212840E23800BA3DFA /* Taxi */;
			targetProxy = 000D83332840E23A00BA3DFA /* PBXContainerItemProxy */;
		};
		000D833E2840E23A00BA3DFA /* PBXTargetDependency */ = {
			isa = PBXTargetDependency;
			target = 000D83212840E23800BA3DFA /* Taxi */;
			targetProxy = 000D833D2840E23A00BA3DFA /* PBXContainerItemProxy */;
		};
/* End PBXTargetDependency section */

/* Begin XCBuildConfiguration section */
		000D83442840E23A00BA3DFA /* Debug */ = {
			isa = XCBuildConfiguration;
			buildSettings = {
				ALWAYS_SEARCH_USER_PATHS = NO;
				CLANG_ANALYZER_NONNULL = YES;
				CLANG_ANALYZER_NUMBER_OBJECT_CONVERSION = YES_AGGRESSIVE;
				CLANG_CXX_LANGUAGE_STANDARD = "gnu++17";
				CLANG_ENABLE_MODULES = YES;
				CLANG_ENABLE_OBJC_ARC = YES;
				CLANG_ENABLE_OBJC_WEAK = YES;
				CLANG_WARN_BLOCK_CAPTURE_AUTORELEASING = YES;
				CLANG_WARN_BOOL_CONVERSION = YES;
				CLANG_WARN_COMMA = YES;
				CLANG_WARN_CONSTANT_CONVERSION = YES;
				CLANG_WARN_DEPRECATED_OBJC_IMPLEMENTATIONS = YES;
				CLANG_WARN_DIRECT_OBJC_ISA_USAGE = YES_ERROR;
				CLANG_WARN_DOCUMENTATION_COMMENTS = YES;
				CLANG_WARN_EMPTY_BODY = YES;
				CLANG_WARN_ENUM_CONVERSION = YES;
				CLANG_WARN_INFINITE_RECURSION = YES;
				CLANG_WARN_INT_CONVERSION = YES;
				CLANG_WARN_NON_LITERAL_NULL_CONVERSION = YES;
				CLANG_WARN_OBJC_IMPLICIT_RETAIN_SELF = YES;
				CLANG_WARN_OBJC_LITERAL_CONVERSION = YES;
				CLANG_WARN_OBJC_ROOT_CLASS = YES_ERROR;
				CLANG_WARN_QUOTED_INCLUDE_IN_FRAMEWORK_HEADER = YES;
				CLANG_WARN_RANGE_LOOP_ANALYSIS = YES;
				CLANG_WARN_STRICT_PROTOTYPES = YES;
				CLANG_WARN_SUSPICIOUS_MOVE = YES;
				CLANG_WARN_UNGUARDED_AVAILABILITY = YES_AGGRESSIVE;
				CLANG_WARN_UNREACHABLE_CODE = YES;
				CLANG_WARN__DUPLICATE_METHOD_MATCH = YES;
				COPY_PHASE_STRIP = NO;
				DEBUG_INFORMATION_FORMAT = dwarf;
				ENABLE_STRICT_OBJC_MSGSEND = YES;
				ENABLE_TESTABILITY = YES;
				GCC_C_LANGUAGE_STANDARD = gnu11;
				GCC_DYNAMIC_NO_PIC = NO;
				GCC_NO_COMMON_BLOCKS = YES;
				GCC_OPTIMIZATION_LEVEL = 0;
				GCC_PREPROCESSOR_DEFINITIONS = (
					"DEBUG=1",
					"$(inherited)",
				);
				GCC_WARN_64_TO_32_BIT_CONVERSION = YES;
				GCC_WARN_ABOUT_RETURN_TYPE = YES_ERROR;
				GCC_WARN_UNDECLARED_SELECTOR = YES;
				GCC_WARN_UNINITIALIZED_AUTOS = YES_AGGRESSIVE;
				GCC_WARN_UNUSED_FUNCTION = YES;
				GCC_WARN_UNUSED_VARIABLE = YES;
				IPHONEOS_DEPLOYMENT_TARGET = 15.0;
				MTL_ENABLE_DEBUG_INFO = INCLUDE_SOURCE;
				MTL_FAST_MATH = YES;
				ONLY_ACTIVE_ARCH = YES;
				SDKROOT = iphoneos;
				SWIFT_ACTIVE_COMPILATION_CONDITIONS = DEBUG;
				SWIFT_OPTIMIZATION_LEVEL = "-Onone";
			};
			name = Debug;
		};
		000D83452840E23A00BA3DFA /* Release */ = {
			isa = XCBuildConfiguration;
			buildSettings = {
				ALWAYS_SEARCH_USER_PATHS = NO;
				CLANG_ANALYZER_NONNULL = YES;
				CLANG_ANALYZER_NUMBER_OBJECT_CONVERSION = YES_AGGRESSIVE;
				CLANG_CXX_LANGUAGE_STANDARD = "gnu++17";
				CLANG_ENABLE_MODULES = YES;
				CLANG_ENABLE_OBJC_ARC = YES;
				CLANG_ENABLE_OBJC_WEAK = YES;
				CLANG_WARN_BLOCK_CAPTURE_AUTORELEASING = YES;
				CLANG_WARN_BOOL_CONVERSION = YES;
				CLANG_WARN_COMMA = YES;
				CLANG_WARN_CONSTANT_CONVERSION = YES;
				CLANG_WARN_DEPRECATED_OBJC_IMPLEMENTATIONS = YES;
				CLANG_WARN_DIRECT_OBJC_ISA_USAGE = YES_ERROR;
				CLANG_WARN_DOCUMENTATION_COMMENTS = YES;
				CLANG_WARN_EMPTY_BODY = YES;
				CLANG_WARN_ENUM_CONVERSION = YES;
				CLANG_WARN_INFINITE_RECURSION = YES;
				CLANG_WARN_INT_CONVERSION = YES;
				CLANG_WARN_NON_LITERAL_NULL_CONVERSION = YES;
				CLANG_WARN_OBJC_IMPLICIT_RETAIN_SELF = YES;
				CLANG_WARN_OBJC_LITERAL_CONVERSION = YES;
				CLANG_WARN_OBJC_ROOT_CLASS = YES_ERROR;
				CLANG_WARN_QUOTED_INCLUDE_IN_FRAMEWORK_HEADER = YES;
				CLANG_WARN_RANGE_LOOP_ANALYSIS = YES;
				CLANG_WARN_STRICT_PROTOTYPES = YES;
				CLANG_WARN_SUSPICIOUS_MOVE = YES;
				CLANG_WARN_UNGUARDED_AVAILABILITY = YES_AGGRESSIVE;
				CLANG_WARN_UNREACHABLE_CODE = YES;
				CLANG_WARN__DUPLICATE_METHOD_MATCH = YES;
				COPY_PHASE_STRIP = NO;
				DEBUG_INFORMATION_FORMAT = "dwarf-with-dsym";
				ENABLE_NS_ASSERTIONS = NO;
				ENABLE_STRICT_OBJC_MSGSEND = YES;
				GCC_C_LANGUAGE_STANDARD = gnu11;
				GCC_NO_COMMON_BLOCKS = YES;
				GCC_WARN_64_TO_32_BIT_CONVERSION = YES;
				GCC_WARN_ABOUT_RETURN_TYPE = YES_ERROR;
				GCC_WARN_UNDECLARED_SELECTOR = YES;
				GCC_WARN_UNINITIALIZED_AUTOS = YES_AGGRESSIVE;
				GCC_WARN_UNUSED_FUNCTION = YES;
				GCC_WARN_UNUSED_VARIABLE = YES;
				IPHONEOS_DEPLOYMENT_TARGET = 15.0;
				MTL_ENABLE_DEBUG_INFO = NO;
				MTL_FAST_MATH = YES;
				SDKROOT = iphoneos;
				SWIFT_COMPILATION_MODE = wholemodule;
				SWIFT_OPTIMIZATION_LEVEL = "-O";
				VALIDATE_PRODUCT = YES;
			};
			name = Release;
		};
		000D83472840E23A00BA3DFA /* Debug */ = {
			isa = XCBuildConfiguration;
			buildSettings = {
				ASSETCATALOG_COMPILER_APPICON_NAME = AppIcon;
				ASSETCATALOG_COMPILER_GLOBAL_ACCENT_COLOR_NAME = AccentColor;
				CODE_SIGN_ENTITLEMENTS = Taxi/TaxiRelease.entitlements;
				CODE_SIGN_STYLE = Automatic;
				CURRENT_PROJECT_VERSION = 1;
				DEVELOPMENT_ASSET_PATHS = "\"Taxi/Preview Content\"";
				DEVELOPMENT_TEAM = 44RS35G3C5;
				ENABLE_PREVIEWS = YES;
				GENERATE_INFOPLIST_FILE = YES;
				INFOPLIST_FILE = Taxi/Info.plist;
				INFOPLIST_KEY_UIApplicationSceneManifest_Generation = YES;
				INFOPLIST_KEY_UIApplicationSupportsIndirectInputEvents = YES;
				INFOPLIST_KEY_UILaunchScreen_Generation = YES;
				INFOPLIST_KEY_UISupportedInterfaceOrientations_iPad = "UIInterfaceOrientationPortrait UIInterfaceOrientationPortraitUpsideDown UIInterfaceOrientationLandscapeLeft UIInterfaceOrientationLandscapeRight";
				INFOPLIST_KEY_UISupportedInterfaceOrientations_iPhone = "UIInterfaceOrientationPortrait UIInterfaceOrientationLandscapeLeft UIInterfaceOrientationLandscapeRight";
				IPHONEOS_DEPLOYMENT_TARGET = 15.0;
				LD_RUNPATH_SEARCH_PATHS = (
					"$(inherited)",
					"@executable_path/Frameworks",
				);
				MARKETING_VERSION = 1.0;
				PRODUCT_BUNDLE_IDENTIFIER = org.ssak3.Taxi;
				PRODUCT_NAME = "$(TARGET_NAME)";
				SWIFT_EMIT_LOC_STRINGS = YES;
				SWIFT_VERSION = 5.0;
				TARGETED_DEVICE_FAMILY = 1;
			};
			name = Debug;
		};
		000D83482840E23A00BA3DFA /* Release */ = {
			isa = XCBuildConfiguration;
			buildSettings = {
				ASSETCATALOG_COMPILER_APPICON_NAME = AppIcon;
				ASSETCATALOG_COMPILER_GLOBAL_ACCENT_COLOR_NAME = AccentColor;
				CODE_SIGN_ENTITLEMENTS = Taxi/TaxiRelease.entitlements;
				CODE_SIGN_IDENTITY = "Apple Development";
				CODE_SIGN_STYLE = Automatic;
				CURRENT_PROJECT_VERSION = 1;
				DEVELOPMENT_ASSET_PATHS = "\"Taxi/Preview Content\"";
				DEVELOPMENT_TEAM = 44RS35G3C5;
				ENABLE_PREVIEWS = YES;
				GENERATE_INFOPLIST_FILE = YES;
				INFOPLIST_FILE = Taxi/Info.plist;
				INFOPLIST_KEY_UIApplicationSceneManifest_Generation = YES;
				INFOPLIST_KEY_UIApplicationSupportsIndirectInputEvents = YES;
				INFOPLIST_KEY_UILaunchScreen_Generation = YES;
				INFOPLIST_KEY_UISupportedInterfaceOrientations_iPad = "UIInterfaceOrientationPortrait UIInterfaceOrientationPortraitUpsideDown UIInterfaceOrientationLandscapeLeft UIInterfaceOrientationLandscapeRight";
				INFOPLIST_KEY_UISupportedInterfaceOrientations_iPhone = "UIInterfaceOrientationPortrait UIInterfaceOrientationLandscapeLeft UIInterfaceOrientationLandscapeRight";
				IPHONEOS_DEPLOYMENT_TARGET = 15.0;
				LD_RUNPATH_SEARCH_PATHS = (
					"$(inherited)",
					"@executable_path/Frameworks",
				);
				MARKETING_VERSION = 1.0;
				PRODUCT_BUNDLE_IDENTIFIER = org.ssak3.Taxi;
				PRODUCT_NAME = "$(TARGET_NAME)";
				PROVISIONING_PROFILE_SPECIFIER = "";
				SWIFT_EMIT_LOC_STRINGS = YES;
				SWIFT_VERSION = 5.0;
				TARGETED_DEVICE_FAMILY = 1;
			};
			name = Release;
		};
		000D834A2840E23A00BA3DFA /* Debug */ = {
			isa = XCBuildConfiguration;
			buildSettings = {
				ALWAYS_EMBED_SWIFT_STANDARD_LIBRARIES = YES;
				BUNDLE_LOADER = "$(TEST_HOST)";
				CODE_SIGN_STYLE = Automatic;
				CURRENT_PROJECT_VERSION = 1;
				DEVELOPMENT_TEAM = 44RS35G3C5;
				GENERATE_INFOPLIST_FILE = YES;
				IPHONEOS_DEPLOYMENT_TARGET = 15.5;
				MARKETING_VERSION = 1.0;
				PRODUCT_BUNDLE_IDENTIFIER = org.ssak3.TaxiTests;
				PRODUCT_NAME = "$(TARGET_NAME)";
				SWIFT_EMIT_LOC_STRINGS = NO;
				SWIFT_VERSION = 5.0;
				TARGETED_DEVICE_FAMILY = "1,2";
				TEST_HOST = "$(BUILT_PRODUCTS_DIR)/Taxi.app/Taxi";
			};
			name = Debug;
		};
		000D834B2840E23A00BA3DFA /* Release */ = {
			isa = XCBuildConfiguration;
			buildSettings = {
				ALWAYS_EMBED_SWIFT_STANDARD_LIBRARIES = YES;
				BUNDLE_LOADER = "$(TEST_HOST)";
				CODE_SIGN_STYLE = Automatic;
				CURRENT_PROJECT_VERSION = 1;
				DEVELOPMENT_TEAM = 44RS35G3C5;
				GENERATE_INFOPLIST_FILE = YES;
				IPHONEOS_DEPLOYMENT_TARGET = 15.5;
				MARKETING_VERSION = 1.0;
				PRODUCT_BUNDLE_IDENTIFIER = org.ssak3.TaxiTests;
				PRODUCT_NAME = "$(TARGET_NAME)";
				SWIFT_EMIT_LOC_STRINGS = NO;
				SWIFT_VERSION = 5.0;
				TARGETED_DEVICE_FAMILY = "1,2";
				TEST_HOST = "$(BUILT_PRODUCTS_DIR)/Taxi.app/Taxi";
			};
			name = Release;
		};
		000D834D2840E23A00BA3DFA /* Debug */ = {
			isa = XCBuildConfiguration;
			buildSettings = {
				ALWAYS_EMBED_SWIFT_STANDARD_LIBRARIES = YES;
				CODE_SIGN_STYLE = Automatic;
				CURRENT_PROJECT_VERSION = 1;
				DEVELOPMENT_TEAM = 44RS35G3C5;
				GENERATE_INFOPLIST_FILE = YES;
				MARKETING_VERSION = 1.0;
				PRODUCT_BUNDLE_IDENTIFIER = org.ssak3.TaxiUITests;
				PRODUCT_NAME = "$(TARGET_NAME)";
				SWIFT_EMIT_LOC_STRINGS = NO;
				SWIFT_VERSION = 5.0;
				TARGETED_DEVICE_FAMILY = "1,2";
				TEST_TARGET_NAME = Taxi;
			};
			name = Debug;
		};
		000D834E2840E23A00BA3DFA /* Release */ = {
			isa = XCBuildConfiguration;
			buildSettings = {
				ALWAYS_EMBED_SWIFT_STANDARD_LIBRARIES = YES;
				CODE_SIGN_STYLE = Automatic;
				CURRENT_PROJECT_VERSION = 1;
				DEVELOPMENT_TEAM = 44RS35G3C5;
				GENERATE_INFOPLIST_FILE = YES;
				MARKETING_VERSION = 1.0;
				PRODUCT_BUNDLE_IDENTIFIER = org.ssak3.TaxiUITests;
				PRODUCT_NAME = "$(TARGET_NAME)";
				SWIFT_EMIT_LOC_STRINGS = NO;
				SWIFT_VERSION = 5.0;
				TARGETED_DEVICE_FAMILY = "1,2";
				TEST_TARGET_NAME = Taxi;
			};
			name = Release;
		};
/* End XCBuildConfiguration section */

/* Begin XCConfigurationList section */
		000D831D2840E23800BA3DFA /* Build configuration list for PBXProject "Taxi" */ = {
			isa = XCConfigurationList;
			buildConfigurations = (
				000D83442840E23A00BA3DFA /* Debug */,
				000D83452840E23A00BA3DFA /* Release */,
			);
			defaultConfigurationIsVisible = 0;
			defaultConfigurationName = Release;
		};
		000D83462840E23A00BA3DFA /* Build configuration list for PBXNativeTarget "Taxi" */ = {
			isa = XCConfigurationList;
			buildConfigurations = (
				000D83472840E23A00BA3DFA /* Debug */,
				000D83482840E23A00BA3DFA /* Release */,
			);
			defaultConfigurationIsVisible = 0;
			defaultConfigurationName = Release;
		};
		000D83492840E23A00BA3DFA /* Build configuration list for PBXNativeTarget "TaxiTests" */ = {
			isa = XCConfigurationList;
			buildConfigurations = (
				000D834A2840E23A00BA3DFA /* Debug */,
				000D834B2840E23A00BA3DFA /* Release */,
			);
			defaultConfigurationIsVisible = 0;
			defaultConfigurationName = Release;
		};
		000D834C2840E23A00BA3DFA /* Build configuration list for PBXNativeTarget "TaxiUITests" */ = {
			isa = XCConfigurationList;
			buildConfigurations = (
				000D834D2840E23A00BA3DFA /* Debug */,
				000D834E2840E23A00BA3DFA /* Release */,
			);
			defaultConfigurationIsVisible = 0;
			defaultConfigurationName = Release;
		};
/* End XCConfigurationList section */

/* Begin XCRemoteSwiftPackageReference section */
		00F856982844A985008E2E2F /* XCRemoteSwiftPackageReference "firebase-ios-sdk" */ = {
			isa = XCRemoteSwiftPackageReference;
			repositoryURL = "https://github.com/firebase/firebase-ios-sdk";
			requirement = {
				kind = upToNextMajorVersion;
				minimumVersion = 9.0.0;
			};
		};
/* End XCRemoteSwiftPackageReference section */

/* Begin XCSwiftPackageProductDependency section */
		000E83B6284A2DBF000CD5AA /* FirebaseMessaging */ = {
			isa = XCSwiftPackageProductDependency;
			package = 00F856982844A985008E2E2F /* XCRemoteSwiftPackageReference "firebase-ios-sdk" */;
			productName = FirebaseMessaging;
		};
		00F856992844A985008E2E2F /* FirebaseAnalytics */ = {
			isa = XCSwiftPackageProductDependency;
			package = 00F856982844A985008E2E2F /* XCRemoteSwiftPackageReference "firebase-ios-sdk" */;
			productName = FirebaseAnalytics;
		};
		00F8569B2844A985008E2E2F /* FirebaseAuth */ = {
			isa = XCSwiftPackageProductDependency;
			package = 00F856982844A985008E2E2F /* XCRemoteSwiftPackageReference "firebase-ios-sdk" */;
			productName = FirebaseAuth;
		};
		00F8569D2844A985008E2E2F /* FirebaseAuthCombine-Community */ = {
			isa = XCSwiftPackageProductDependency;
			package = 00F856982844A985008E2E2F /* XCRemoteSwiftPackageReference "firebase-ios-sdk" */;
			productName = "FirebaseAuthCombine-Community";
		};
		00F8569F2844A985008E2E2F /* FirebaseFirestore */ = {
			isa = XCSwiftPackageProductDependency;
			package = 00F856982844A985008E2E2F /* XCRemoteSwiftPackageReference "firebase-ios-sdk" */;
			productName = FirebaseFirestore;
		};
		00F856A12844A985008E2E2F /* FirebaseFirestoreCombine-Community */ = {
			isa = XCSwiftPackageProductDependency;
			package = 00F856982844A985008E2E2F /* XCRemoteSwiftPackageReference "firebase-ios-sdk" */;
			productName = "FirebaseFirestoreCombine-Community";
		};
		00F856A32844A985008E2E2F /* FirebaseFirestoreSwift */ = {
			isa = XCSwiftPackageProductDependency;
			package = 00F856982844A985008E2E2F /* XCRemoteSwiftPackageReference "firebase-ios-sdk" */;
			productName = FirebaseFirestoreSwift;
		};
		00F856A52844A985008E2E2F /* FirebaseFunctions */ = {
			isa = XCSwiftPackageProductDependency;
			package = 00F856982844A985008E2E2F /* XCRemoteSwiftPackageReference "firebase-ios-sdk" */;
			productName = FirebaseFunctions;
		};
		00F856A72844A985008E2E2F /* FirebaseFunctionsCombine-Community */ = {
			isa = XCSwiftPackageProductDependency;
			package = 00F856982844A985008E2E2F /* XCRemoteSwiftPackageReference "firebase-ios-sdk" */;
			productName = "FirebaseFunctionsCombine-Community";
		};
		00F856A92844A985008E2E2F /* FirebaseStorage */ = {
			isa = XCSwiftPackageProductDependency;
			package = 00F856982844A985008E2E2F /* XCRemoteSwiftPackageReference "firebase-ios-sdk" */;
			productName = FirebaseStorage;
		};
		00F856AB2844A985008E2E2F /* FirebaseStorageCombine-Community */ = {
			isa = XCSwiftPackageProductDependency;
			package = 00F856982844A985008E2E2F /* XCRemoteSwiftPackageReference "firebase-ios-sdk" */;
			productName = "FirebaseStorageCombine-Community";
		};
/* End XCSwiftPackageProductDependency section */
	};
	rootObject = 000D831A2840E23800BA3DFA /* Project object */;
}
