// !$*UTF8*$!
{
	archiveVersion = 1;
	classes = {
	};
	objectVersion = 55;
	objects = {

/* Begin PBXBuildFile section */
		000AE1D1284C922500AF59BE /* UserRepository.swift in Sources */ = {isa = PBXBuildFile; fileRef = 000AE1D0284C922500AF59BE /* UserRepository.swift */; };
		000C24F52859C8930054D679 /* ChattingFirebaseDataSource.swift in Sources */ = {isa = PBXBuildFile; fileRef = 000C24F42859C8930054D679 /* ChattingFirebaseDataSource.swift */; };
		000C24F72859CB440054D679 /* ChattingUseCase.swift in Sources */ = {isa = PBXBuildFile; fileRef = 000C24F62859CB440054D679 /* ChattingUseCase.swift */; };
		000C24F92859CC240054D679 /* ChattingUseCaseTest.swift in Sources */ = {isa = PBXBuildFile; fileRef = 000C24F82859CC240054D679 /* ChattingUseCaseTest.swift */; };
		000C24FB2859E74E0054D679 /* ChattingViewModel.swift in Sources */ = {isa = PBXBuildFile; fileRef = 000C24FA2859E74E0054D679 /* ChattingViewModel.swift */; };
		000D83262840E23800BA3DFA /* TaxiApp.swift in Sources */ = {isa = PBXBuildFile; fileRef = 000D83252840E23800BA3DFA /* TaxiApp.swift */; };
		000D832A2840E23A00BA3DFA /* Assets.xcassets in Resources */ = {isa = PBXBuildFile; fileRef = 000D83292840E23A00BA3DFA /* Assets.xcassets */; };
		000D832D2840E23A00BA3DFA /* Preview Assets.xcassets in Resources */ = {isa = PBXBuildFile; fileRef = 000D832C2840E23A00BA3DFA /* Preview Assets.xcassets */; };
		000D83372840E23A00BA3DFA /* TaxiTests.swift in Sources */ = {isa = PBXBuildFile; fileRef = 000D83362840E23A00BA3DFA /* TaxiTests.swift */; };
		000D83412840E23A00BA3DFA /* TaxiUITests.swift in Sources */ = {isa = PBXBuildFile; fileRef = 000D83402840E23A00BA3DFA /* TaxiUITests.swift */; };
		000D83432840E23A00BA3DFA /* TaxiUITestsLaunchTests.swift in Sources */ = {isa = PBXBuildFile; fileRef = 000D83422840E23A00BA3DFA /* TaxiUITestsLaunchTests.swift */; };
		000E545A285321250085C39E /* JoinTaxiPartyUseCase.swift in Sources */ = {isa = PBXBuildFile; fileRef = 000E5459285321250085C39E /* JoinTaxiPartyUseCase.swift */; };
		000E545C285321E70085C39E /* GetTaxiPartyUseCase.swift in Sources */ = {isa = PBXBuildFile; fileRef = 000E545B285321E70085C39E /* GetTaxiPartyUseCase.swift */; };
		000E545E2853622D0085C39E /* AuthenticateUseCase.swift in Sources */ = {isa = PBXBuildFile; fileRef = 000E545D2853622D0085C39E /* AuthenticateUseCase.swift */; };
		000E83B4284A2D55000CD5AA /* GoogleService-Info.plist in Resources */ = {isa = PBXBuildFile; fileRef = 000E83B3284A2D55000CD5AA /* GoogleService-Info.plist */; };
		000E83B7284A2DBF000CD5AA /* FirebaseMessaging in Frameworks */ = {isa = PBXBuildFile; productRef = 000E83B6284A2DBF000CD5AA /* FirebaseMessaging */; };
		00102B63284D833C000B8BFF /* 1Profile.jpg in Resources */ = {isa = PBXBuildFile; fileRef = 00102B62284D833C000B8BFF /* 1Profile.jpg */; };
		002F89EB284CA10800D7E51B /* UserFirebaseDataSource.swift in Sources */ = {isa = PBXBuildFile; fileRef = 002F89EA284CA10800D7E51B /* UserFirebaseDataSource.swift */; };
		002F89EF284CA5FF00D7E51B /* UserRepositoryTest.swift in Sources */ = {isa = PBXBuildFile; fileRef = 002F89EE284CA5FF00D7E51B /* UserRepositoryTest.swift */; };
		003ABC0C284749F7000FA7A2 /* .swiftlint.yml in Resources */ = {isa = PBXBuildFile; fileRef = 003ABC0B284749F7000FA7A2 /* .swiftlint.yml */; };
		003C339928574BBF002B22F4 /* AddTaxiPartyUsecaseTest.swift in Sources */ = {isa = PBXBuildFile; fileRef = 003C339828574BBF002B22F4 /* AddTaxiPartyUsecaseTest.swift */; };
		003C339B2857559D002B22F4 /* JoinTaxiPartyTest.swift in Sources */ = {isa = PBXBuildFile; fileRef = 003C339A2857559D002B22F4 /* JoinTaxiPartyTest.swift */; };
		003C339D28575712002B22F4 /* GetTaxiPartyUsecaseTest.swift in Sources */ = {isa = PBXBuildFile; fileRef = 003C339C28575712002B22F4 /* GetTaxiPartyUsecaseTest.swift */; };
		003C339F285757F3002B22F4 /* MyTaxiPartyUsecaseTest.swift in Sources */ = {isa = PBXBuildFile; fileRef = 003C339E285757F3002B22F4 /* MyTaxiPartyUsecaseTest.swift */; };
		003C33A128575995002B22F4 /* AuthenticateUsecaseTest.swift in Sources */ = {isa = PBXBuildFile; fileRef = 003C33A028575995002B22F4 /* AuthenticateUsecaseTest.swift */; };
		00437E2F28503D3000844821 /* MyTaxiPartyRepository.swift in Sources */ = {isa = PBXBuildFile; fileRef = 00437E2E28503D3000844821 /* MyTaxiPartyRepository.swift */; };
		00437E312850409C00844821 /* MyTaxiPartyRepositoryTest.swift in Sources */ = {isa = PBXBuildFile; fileRef = 00437E302850409C00844821 /* MyTaxiPartyRepositoryTest.swift */; };
		00437E3528508CDB00844821 /* MyTaxiPartyFirebaseDataSource.swift in Sources */ = {isa = PBXBuildFile; fileRef = 00437E3428508CDB00844821 /* MyTaxiPartyFirebaseDataSource.swift */; };
		00842A94284B2682000292E5 /* TaxiParty.swift in Sources */ = {isa = PBXBuildFile; fileRef = 00842A93284B2682000292E5 /* TaxiParty.swift */; };
		00842A96284B287D000292E5 /* Place.swift in Sources */ = {isa = PBXBuildFile; fileRef = 00842A95284B287D000292E5 /* Place.swift */; };
		00A5705A2851826A008B220E /* ColorExtension.swift in Sources */ = {isa = PBXBuildFile; fileRef = 00A570592851826A008B220E /* ColorExtension.swift */; };
		00A5705C285182E1008B220E /* RoundedButton.swift in Sources */ = {isa = PBXBuildFile; fileRef = 00A5705B285182E1008B220E /* RoundedButton.swift */; };
		00A570642851E993008B220E /* ImageName.swift in Sources */ = {isa = PBXBuildFile; fileRef = 00A570632851E993008B220E /* ImageName.swift */; };
		00A570662851EA33008B220E /* RootView.swift in Sources */ = {isa = PBXBuildFile; fileRef = 00A570652851EA33008B220E /* RootView.swift */; };
		00BC473F28581E740055CB6A /* AddTaxiParty.swift in Sources */ = {isa = PBXBuildFile; fileRef = 00BC473E28581E740055CB6A /* AddTaxiParty.swift */; };
		00BC474128581E860055CB6A /* InfoContainer.swift in Sources */ = {isa = PBXBuildFile; fileRef = 00BC474028581E860055CB6A /* InfoContainer.swift */; };
		00BC47472858CAF80055CB6A /* AddTaxiPartyUseCase.swift in Sources */ = {isa = PBXBuildFile; fileRef = 000E545728531C510085C39E /* AddTaxiPartyUseCase.swift */; };
		00D3AE72284F8467001E34A0 /* TaxiPartyRepository.swift in Sources */ = {isa = PBXBuildFile; fileRef = 00D3AE71284F8467001E34A0 /* TaxiPartyRepository.swift */; };
		00D3AE74284F87DB001E34A0 /* TaxiPartyRepositoryTest.swift in Sources */ = {isa = PBXBuildFile; fileRef = 00D3AE73284F87DB001E34A0 /* TaxiPartyRepositoryTest.swift */; };
		00D3AE76284F8B55001E34A0 /* TaxiPartyFirebaseDataSource.swift in Sources */ = {isa = PBXBuildFile; fileRef = 00D3AE75284F8B55001E34A0 /* TaxiPartyFirebaseDataSource.swift */; };
		00D904B52854A64E0003BA5A /* MyTaxiPartyUseCase.swift in Sources */ = {isa = PBXBuildFile; fileRef = 00D904B42854A64E0003BA5A /* MyTaxiPartyUseCase.swift */; };
		00E8F1B9284B213C00D68DF0 /* User.swift in Sources */ = {isa = PBXBuildFile; fileRef = 00E8F1B8284B213C00D68DF0 /* User.swift */; };
		00E8F1BB284B21FE00D68DF0 /* Message.swift in Sources */ = {isa = PBXBuildFile; fileRef = 00E8F1BA284B21FE00D68DF0 /* Message.swift */; };
		00E92499285A152F0026DD73 /* MessageMockData.swift in Sources */ = {isa = PBXBuildFile; fileRef = 00E92498285A152F0026DD73 /* MessageMockData.swift */; };
		00F6B72728596EEF00DACA06 /* PatyListCell.swift in Sources */ = {isa = PBXBuildFile; fileRef = 00F6B72628596EEF00DACA06 /* PatyListCell.swift */; };
		00F6B72A28596F7D00DACA06 /* SegmentedPicker in Frameworks */ = {isa = PBXBuildFile; productRef = 00F6B72928596F7D00DACA06 /* SegmentedPicker */; };
		00F6B72F2859C00E00DACA06 /* AddTaxiPartyViewModel.swift in Sources */ = {isa = PBXBuildFile; fileRef = 00F6B72E2859C00E00DACA06 /* AddTaxiPartyViewModel.swift */; };
		00F6B7312859C44D00DACA06 /* ChattingRepository.swift in Sources */ = {isa = PBXBuildFile; fileRef = 00F6B7302859C44D00DACA06 /* ChattingRepository.swift */; };
		00F8569A2844A985008E2E2F /* FirebaseAnalytics in Frameworks */ = {isa = PBXBuildFile; productRef = 00F856992844A985008E2E2F /* FirebaseAnalytics */; };
		00F8569C2844A985008E2E2F /* FirebaseAuth in Frameworks */ = {isa = PBXBuildFile; productRef = 00F8569B2844A985008E2E2F /* FirebaseAuth */; };
		00F8569E2844A985008E2E2F /* FirebaseAuthCombine-Community in Frameworks */ = {isa = PBXBuildFile; productRef = 00F8569D2844A985008E2E2F /* FirebaseAuthCombine-Community */; };
		00F856A02844A985008E2E2F /* FirebaseFirestore in Frameworks */ = {isa = PBXBuildFile; productRef = 00F8569F2844A985008E2E2F /* FirebaseFirestore */; };
		00F856A22844A985008E2E2F /* FirebaseFirestoreCombine-Community in Frameworks */ = {isa = PBXBuildFile; productRef = 00F856A12844A985008E2E2F /* FirebaseFirestoreCombine-Community */; };
		00F856A42844A985008E2E2F /* FirebaseFirestoreSwift in Frameworks */ = {isa = PBXBuildFile; productRef = 00F856A32844A985008E2E2F /* FirebaseFirestoreSwift */; };
		00F856A62844A985008E2E2F /* FirebaseFunctions in Frameworks */ = {isa = PBXBuildFile; productRef = 00F856A52844A985008E2E2F /* FirebaseFunctions */; };
		00F856A82844A985008E2E2F /* FirebaseFunctionsCombine-Community in Frameworks */ = {isa = PBXBuildFile; productRef = 00F856A72844A985008E2E2F /* FirebaseFunctionsCombine-Community */; };
		00F856AA2844A985008E2E2F /* FirebaseStorage in Frameworks */ = {isa = PBXBuildFile; productRef = 00F856A92844A985008E2E2F /* FirebaseStorage */; };
		00F856AC2844A985008E2E2F /* FirebaseStorageCombine-Community in Frameworks */ = {isa = PBXBuildFile; productRef = 00F856AB2844A985008E2E2F /* FirebaseStorageCombine-Community */; };
		374E059E285A18EC00215533 /* MyPartyViewModel.swift in Sources */ = {isa = PBXBuildFile; fileRef = 374E059D285A18EC00215533 /* MyPartyViewModel.swift */; };
		37D4D1F12856D285002E787B /* ChatRoomView.swift in Sources */ = {isa = PBXBuildFile; fileRef = 37D4D1F02856D285002E787B /* ChatRoomView.swift */; };
		37F698852855FB910008C022 /* MyPartyView.swift in Sources */ = {isa = PBXBuildFile; fileRef = 37F698842855FB910008C022 /* MyPartyView.swift */; };
		50459E2F28542E4E00287371 /* PhotoPicker.swift in Sources */ = {isa = PBXBuildFile; fileRef = 50459E2E28542E4E00287371 /* PhotoPicker.swift */; };
		50459E332854701C00287371 /* ImageExtension.swift in Sources */ = {isa = PBXBuildFile; fileRef = 50459E322854701C00287371 /* ImageExtension.swift */; };
		50459E35285490CC00287371 /* TaxiPartyInfoView.swift in Sources */ = {isa = PBXBuildFile; fileRef = 50459E34285490CC00287371 /* TaxiPartyInfoView.swift */; };
		50595595285037AE001DA44C /* MyPageView.swift in Sources */ = {isa = PBXBuildFile; fileRef = 50595594285037AE001DA44C /* MyPageView.swift */; };
		505955972850BF46001DA44C /* ProfileView.swift in Sources */ = {isa = PBXBuildFile; fileRef = 505955962850BF46001DA44C /* ProfileView.swift */; };
		508AE80F285A6E5500D111D3 /* UserProfileViewModel.swift in Sources */ = {isa = PBXBuildFile; fileRef = 508AE80E285A6E5500D111D3 /* UserProfileViewModel.swift */; };
		50CCA9D7285AC4BE00977338 /* JoinTaxiPartyViewModel.swift in Sources */ = {isa = PBXBuildFile; fileRef = 50CCA9D6285AC4BE00977338 /* JoinTaxiPartyViewModel.swift */; };
		50DA19632856065200DEC46E /* ProfileImage.swift in Sources */ = {isa = PBXBuildFile; fileRef = 50DA19622856065200DEC46E /* ProfileImage.swift */; };
		50F3D18B28537B110004B5CE /* SDWebImageSwiftUI in Frameworks */ = {isa = PBXBuildFile; productRef = 50F3D18A28537B110004B5CE /* SDWebImageSwiftUI */; };
		50F8003B28586F9200FA1063 /* Authentication.swift in Sources */ = {isa = PBXBuildFile; fileRef = 50F8003A28586F9200FA1063 /* Authentication.swift */; };
		A87934CC2859FC5400FDCDBA /* OnboardFirstPage.swift in Sources */ = {isa = PBXBuildFile; fileRef = A87934CB2859FC5400FDCDBA /* OnboardFirstPage.swift */; };
		A8982EC9285B6780000D11D0 /* Launch Screen.storyboard in Resources */ = {isa = PBXBuildFile; fileRef = A8982EC8285B6780000D11D0 /* Launch Screen.storyboard */; };
		A8BD8115285A3543003D744B /* Onboarding.swift in Sources */ = {isa = PBXBuildFile; fileRef = A8BD8114285A3543003D744B /* Onboarding.swift */; };
		A8C146A7285A4A5E00F6D37F /* OnboardSecondPage.swift in Sources */ = {isa = PBXBuildFile; fileRef = A8C146A6285A4A5E00F6D37F /* OnboardSecondPage.swift */; };
		A8C146A9285A525100F6D37F /* OnboardThirdPage.swift in Sources */ = {isa = PBXBuildFile; fileRef = A8C146A8285A525100F6D37F /* OnboardThirdPage.swift */; };
		A8D578982852F2000059FE49 /* TextStyleExtension.swift in Sources */ = {isa = PBXBuildFile; fileRef = A8D578972852F2000059FE49 /* TextStyleExtension.swift */; };
		AF174B262851859300BCF680 /* TaxiPartyListView.swift in Sources */ = {isa = PBXBuildFile; fileRef = AF174B252851859300BCF680 /* TaxiPartyListView.swift */; };
		AF6FD9FF285A951C00827D8C /* TaxiPartyListViewModel.swift in Sources */ = {isa = PBXBuildFile; fileRef = AF6FD9FE285A951B00827D8C /* TaxiPartyListViewModel.swift */; };
		AFFA12592857BCFE0076CB2F /* CalendarModal.swift in Sources */ = {isa = PBXBuildFile; fileRef = AFFA12582857BCFE0076CB2F /* CalendarModal.swift */; };
		E622D8F628503D19005A68F3 /* ViewExtension.swift in Sources */ = {isa = PBXBuildFile; fileRef = E622D8F528503D19005A68F3 /* ViewExtension.swift */; };
		E63C7AA02858B5170080530B /* DayContainer.swift in Sources */ = {isa = PBXBuildFile; fileRef = E63C7A9F2858B5170080530B /* DayContainer.swift */; };
		E63C7AA22858B5520080530B /* DateExtension.swift in Sources */ = {isa = PBXBuildFile; fileRef = E63C7AA12858B5520080530B /* DateExtension.swift */; };
		E63C7AA52858B5B50080530B /* TaxiPartyMockData.swift in Sources */ = {isa = PBXBuildFile; fileRef = E63C7AA42858B5B50080530B /* TaxiPartyMockData.swift */; };
		E63C7AA72858B5DE0080530B /* CalendarHelper.swift in Sources */ = {isa = PBXBuildFile; fileRef = E63C7AA62858B5DE0080530B /* CalendarHelper.swift */; };
		E63C7AA92858B6130080530B /* CalendarView.swift in Sources */ = {isa = PBXBuildFile; fileRef = E63C7AA82858B6130080530B /* CalendarView.swift */; };
		E63C7AB02858C2380080530B /* SignUpCodeView.swift in Sources */ = {isa = PBXBuildFile; fileRef = E63C7AAF2858C2380080530B /* SignUpCodeView.swift */; };
		E63C7AB22858C2520080530B /* SignUpNicknameView.swift in Sources */ = {isa = PBXBuildFile; fileRef = E63C7AB12858C2520080530B /* SignUpNicknameView.swift */; };
		E63C7AB42858C2650080530B /* UnderlinedTextField.swift in Sources */ = {isa = PBXBuildFile; fileRef = E63C7AB32858C2650080530B /* UnderlinedTextField.swift */; };
		E6C93733285AD52600464D37 /* SignUpButton.swift in Sources */ = {isa = PBXBuildFile; fileRef = E6C93732285AD52600464D37 /* SignUpButton.swift */; };
		E6E0E06F285A15B1001BAF6F /* StringExtension.swift in Sources */ = {isa = PBXBuildFile; fileRef = E6E0E06E285A15B1001BAF6F /* StringExtension.swift */; };
/* End PBXBuildFile section */

/* Begin PBXContainerItemProxy section */
		000D83332840E23A00BA3DFA /* PBXContainerItemProxy */ = {
			isa = PBXContainerItemProxy;
			containerPortal = 000D831A2840E23800BA3DFA /* Project object */;
			proxyType = 1;
			remoteGlobalIDString = 000D83212840E23800BA3DFA;
			remoteInfo = Taxi;
		};
		000D833D2840E23A00BA3DFA /* PBXContainerItemProxy */ = {
			isa = PBXContainerItemProxy;
			containerPortal = 000D831A2840E23800BA3DFA /* Project object */;
			proxyType = 1;
			remoteGlobalIDString = 000D83212840E23800BA3DFA;
			remoteInfo = Taxi;
		};
/* End PBXContainerItemProxy section */

/* Begin PBXFileReference section */
		000AE1D0284C922500AF59BE /* UserRepository.swift */ = {isa = PBXFileReference; lastKnownFileType = sourcecode.swift; path = UserRepository.swift; sourceTree = "<group>"; };
		000C24F42859C8930054D679 /* ChattingFirebaseDataSource.swift */ = {isa = PBXFileReference; lastKnownFileType = sourcecode.swift; path = ChattingFirebaseDataSource.swift; sourceTree = "<group>"; };
		000C24F62859CB440054D679 /* ChattingUseCase.swift */ = {isa = PBXFileReference; lastKnownFileType = sourcecode.swift; path = ChattingUseCase.swift; sourceTree = "<group>"; };
		000C24F82859CC240054D679 /* ChattingUseCaseTest.swift */ = {isa = PBXFileReference; lastKnownFileType = sourcecode.swift; path = ChattingUseCaseTest.swift; sourceTree = "<group>"; };
		000C24FA2859E74E0054D679 /* ChattingViewModel.swift */ = {isa = PBXFileReference; lastKnownFileType = sourcecode.swift; path = ChattingViewModel.swift; sourceTree = "<group>"; };
		000D83222840E23800BA3DFA /* Taxi.app */ = {isa = PBXFileReference; explicitFileType = wrapper.application; includeInIndex = 0; path = Taxi.app; sourceTree = BUILT_PRODUCTS_DIR; };
		000D83252840E23800BA3DFA /* TaxiApp.swift */ = {isa = PBXFileReference; lastKnownFileType = sourcecode.swift; path = TaxiApp.swift; sourceTree = "<group>"; };
		000D83292840E23A00BA3DFA /* Assets.xcassets */ = {isa = PBXFileReference; lastKnownFileType = folder.assetcatalog; path = Assets.xcassets; sourceTree = "<group>"; };
		000D832C2840E23A00BA3DFA /* Preview Assets.xcassets */ = {isa = PBXFileReference; lastKnownFileType = folder.assetcatalog; path = "Preview Assets.xcassets"; sourceTree = "<group>"; };
		000D83322840E23A00BA3DFA /* TaxiTests.xctest */ = {isa = PBXFileReference; explicitFileType = wrapper.cfbundle; includeInIndex = 0; path = TaxiTests.xctest; sourceTree = BUILT_PRODUCTS_DIR; };
		000D83362840E23A00BA3DFA /* TaxiTests.swift */ = {isa = PBXFileReference; lastKnownFileType = sourcecode.swift; path = TaxiTests.swift; sourceTree = "<group>"; };
		000D833C2840E23A00BA3DFA /* TaxiUITests.xctest */ = {isa = PBXFileReference; explicitFileType = wrapper.cfbundle; includeInIndex = 0; path = TaxiUITests.xctest; sourceTree = BUILT_PRODUCTS_DIR; };
		000D83402840E23A00BA3DFA /* TaxiUITests.swift */ = {isa = PBXFileReference; lastKnownFileType = sourcecode.swift; path = TaxiUITests.swift; sourceTree = "<group>"; };
		000D83422840E23A00BA3DFA /* TaxiUITestsLaunchTests.swift */ = {isa = PBXFileReference; lastKnownFileType = sourcecode.swift; path = TaxiUITestsLaunchTests.swift; sourceTree = "<group>"; };
		000E545728531C510085C39E /* AddTaxiPartyUseCase.swift */ = {isa = PBXFileReference; lastKnownFileType = sourcecode.swift; path = AddTaxiPartyUseCase.swift; sourceTree = "<group>"; };
		000E5459285321250085C39E /* JoinTaxiPartyUseCase.swift */ = {isa = PBXFileReference; lastKnownFileType = sourcecode.swift; path = JoinTaxiPartyUseCase.swift; sourceTree = "<group>"; };
		000E545B285321E70085C39E /* GetTaxiPartyUseCase.swift */ = {isa = PBXFileReference; lastKnownFileType = sourcecode.swift; path = GetTaxiPartyUseCase.swift; sourceTree = "<group>"; };
		000E545D2853622D0085C39E /* AuthenticateUseCase.swift */ = {isa = PBXFileReference; lastKnownFileType = sourcecode.swift; path = AuthenticateUseCase.swift; sourceTree = "<group>"; };
		000E83B3284A2D55000CD5AA /* GoogleService-Info.plist */ = {isa = PBXFileReference; fileEncoding = 4; lastKnownFileType = text.plist.xml; path = "GoogleService-Info.plist"; sourceTree = "<group>"; };
		00102B62284D833C000B8BFF /* 1Profile.jpg */ = {isa = PBXFileReference; lastKnownFileType = image.jpeg; path = 1Profile.jpg; sourceTree = "<group>"; };
		002F89EA284CA10800D7E51B /* UserFirebaseDataSource.swift */ = {isa = PBXFileReference; lastKnownFileType = sourcecode.swift; path = UserFirebaseDataSource.swift; sourceTree = "<group>"; };
		002F89EE284CA5FF00D7E51B /* UserRepositoryTest.swift */ = {isa = PBXFileReference; lastKnownFileType = sourcecode.swift; path = UserRepositoryTest.swift; sourceTree = "<group>"; };
		003ABC0B284749F7000FA7A2 /* .swiftlint.yml */ = {isa = PBXFileReference; lastKnownFileType = text.yaml; path = .swiftlint.yml; sourceTree = "<group>"; };
		003C339828574BBF002B22F4 /* AddTaxiPartyUsecaseTest.swift */ = {isa = PBXFileReference; lastKnownFileType = sourcecode.swift; path = AddTaxiPartyUsecaseTest.swift; sourceTree = "<group>"; };
		003C339A2857559D002B22F4 /* JoinTaxiPartyTest.swift */ = {isa = PBXFileReference; lastKnownFileType = sourcecode.swift; path = JoinTaxiPartyTest.swift; sourceTree = "<group>"; };
		003C339C28575712002B22F4 /* GetTaxiPartyUsecaseTest.swift */ = {isa = PBXFileReference; lastKnownFileType = sourcecode.swift; path = GetTaxiPartyUsecaseTest.swift; sourceTree = "<group>"; };
		003C339E285757F3002B22F4 /* MyTaxiPartyUsecaseTest.swift */ = {isa = PBXFileReference; lastKnownFileType = sourcecode.swift; path = MyTaxiPartyUsecaseTest.swift; sourceTree = "<group>"; };
		003C33A028575995002B22F4 /* AuthenticateUsecaseTest.swift */ = {isa = PBXFileReference; lastKnownFileType = sourcecode.swift; path = AuthenticateUsecaseTest.swift; sourceTree = "<group>"; };
		00437E2E28503D3000844821 /* MyTaxiPartyRepository.swift */ = {isa = PBXFileReference; lastKnownFileType = sourcecode.swift; path = MyTaxiPartyRepository.swift; sourceTree = "<group>"; };
		00437E302850409C00844821 /* MyTaxiPartyRepositoryTest.swift */ = {isa = PBXFileReference; lastKnownFileType = sourcecode.swift; path = MyTaxiPartyRepositoryTest.swift; sourceTree = "<group>"; };
		00437E3428508CDB00844821 /* MyTaxiPartyFirebaseDataSource.swift */ = {isa = PBXFileReference; lastKnownFileType = sourcecode.swift; path = MyTaxiPartyFirebaseDataSource.swift; sourceTree = "<group>"; };
		004A833B28470DAA00E07EA0 /* TaxiRelease.entitlements */ = {isa = PBXFileReference; lastKnownFileType = text.plist.entitlements; path = TaxiRelease.entitlements; sourceTree = "<group>"; };
		004A833C28470DCC00E07EA0 /* Info.plist */ = {isa = PBXFileReference; lastKnownFileType = text.plist; path = Info.plist; sourceTree = "<group>"; };
		00842A93284B2682000292E5 /* TaxiParty.swift */ = {isa = PBXFileReference; lastKnownFileType = sourcecode.swift; path = TaxiParty.swift; sourceTree = "<group>"; };
		00842A95284B287D000292E5 /* Place.swift */ = {isa = PBXFileReference; lastKnownFileType = sourcecode.swift; path = Place.swift; sourceTree = "<group>"; };
		00A570592851826A008B220E /* ColorExtension.swift */ = {isa = PBXFileReference; lastKnownFileType = sourcecode.swift; path = ColorExtension.swift; sourceTree = "<group>"; };
		00A5705B285182E1008B220E /* RoundedButton.swift */ = {isa = PBXFileReference; lastKnownFileType = sourcecode.swift; path = RoundedButton.swift; sourceTree = "<group>"; };
		00A570632851E993008B220E /* ImageName.swift */ = {isa = PBXFileReference; lastKnownFileType = sourcecode.swift; path = ImageName.swift; sourceTree = "<group>"; };
		00A570652851EA33008B220E /* RootView.swift */ = {isa = PBXFileReference; lastKnownFileType = sourcecode.swift; path = RootView.swift; sourceTree = "<group>"; };
		00BC473E28581E740055CB6A /* AddTaxiParty.swift */ = {isa = PBXFileReference; lastKnownFileType = sourcecode.swift; path = AddTaxiParty.swift; sourceTree = "<group>"; };
		00BC474028581E860055CB6A /* InfoContainer.swift */ = {isa = PBXFileReference; lastKnownFileType = sourcecode.swift; path = InfoContainer.swift; sourceTree = "<group>"; };
		00D3AE71284F8467001E34A0 /* TaxiPartyRepository.swift */ = {isa = PBXFileReference; lastKnownFileType = sourcecode.swift; path = TaxiPartyRepository.swift; sourceTree = "<group>"; };
		00D3AE73284F87DB001E34A0 /* TaxiPartyRepositoryTest.swift */ = {isa = PBXFileReference; lastKnownFileType = sourcecode.swift; path = TaxiPartyRepositoryTest.swift; sourceTree = "<group>"; };
		00D3AE75284F8B55001E34A0 /* TaxiPartyFirebaseDataSource.swift */ = {isa = PBXFileReference; lastKnownFileType = sourcecode.swift; path = TaxiPartyFirebaseDataSource.swift; sourceTree = "<group>"; };
		00D904B42854A64E0003BA5A /* MyTaxiPartyUseCase.swift */ = {isa = PBXFileReference; lastKnownFileType = sourcecode.swift; path = MyTaxiPartyUseCase.swift; sourceTree = "<group>"; };
		00E8F1B8284B213C00D68DF0 /* User.swift */ = {isa = PBXFileReference; lastKnownFileType = sourcecode.swift; path = User.swift; sourceTree = "<group>"; };
		00E8F1BA284B21FE00D68DF0 /* Message.swift */ = {isa = PBXFileReference; lastKnownFileType = sourcecode.swift; path = Message.swift; sourceTree = "<group>"; };
		00E92498285A152F0026DD73 /* MessageMockData.swift */ = {isa = PBXFileReference; lastKnownFileType = sourcecode.swift; path = MessageMockData.swift; sourceTree = "<group>"; };
		00F6B72628596EEF00DACA06 /* PatyListCell.swift */ = {isa = PBXFileReference; fileEncoding = 4; lastKnownFileType = sourcecode.swift; path = PatyListCell.swift; sourceTree = "<group>"; };
		00F6B72E2859C00E00DACA06 /* AddTaxiPartyViewModel.swift */ = {isa = PBXFileReference; lastKnownFileType = sourcecode.swift; path = AddTaxiPartyViewModel.swift; sourceTree = "<group>"; };
		00F6B7302859C44D00DACA06 /* ChattingRepository.swift */ = {isa = PBXFileReference; lastKnownFileType = sourcecode.swift; path = ChattingRepository.swift; sourceTree = "<group>"; };
		374E059D285A18EC00215533 /* MyPartyViewModel.swift */ = {isa = PBXFileReference; lastKnownFileType = sourcecode.swift; path = MyPartyViewModel.swift; sourceTree = "<group>"; };
		37D4D1F02856D285002E787B /* ChatRoomView.swift */ = {isa = PBXFileReference; lastKnownFileType = sourcecode.swift; path = ChatRoomView.swift; sourceTree = "<group>"; };
		37F698842855FB910008C022 /* MyPartyView.swift */ = {isa = PBXFileReference; lastKnownFileType = sourcecode.swift; path = MyPartyView.swift; sourceTree = "<group>"; };
		50459E2E28542E4E00287371 /* PhotoPicker.swift */ = {isa = PBXFileReference; lastKnownFileType = sourcecode.swift; path = PhotoPicker.swift; sourceTree = "<group>"; };
		50459E322854701C00287371 /* ImageExtension.swift */ = {isa = PBXFileReference; lastKnownFileType = sourcecode.swift; path = ImageExtension.swift; sourceTree = "<group>"; };
		50459E34285490CC00287371 /* TaxiPartyInfoView.swift */ = {isa = PBXFileReference; lastKnownFileType = sourcecode.swift; path = TaxiPartyInfoView.swift; sourceTree = "<group>"; };
		50595594285037AE001DA44C /* MyPageView.swift */ = {isa = PBXFileReference; lastKnownFileType = sourcecode.swift; path = MyPageView.swift; sourceTree = "<group>"; };
		505955962850BF46001DA44C /* ProfileView.swift */ = {isa = PBXFileReference; lastKnownFileType = sourcecode.swift; path = ProfileView.swift; sourceTree = "<group>"; };
		508AE80E285A6E5500D111D3 /* UserProfileViewModel.swift */ = {isa = PBXFileReference; lastKnownFileType = sourcecode.swift; path = UserProfileViewModel.swift; sourceTree = "<group>"; };
		50CCA9D6285AC4BE00977338 /* JoinTaxiPartyViewModel.swift */ = {isa = PBXFileReference; fileEncoding = 4; lastKnownFileType = sourcecode.swift; path = JoinTaxiPartyViewModel.swift; sourceTree = "<group>"; };
		50DA19622856065200DEC46E /* ProfileImage.swift */ = {isa = PBXFileReference; lastKnownFileType = sourcecode.swift; path = ProfileImage.swift; sourceTree = "<group>"; };
		50F8003A28586F9200FA1063 /* Authentication.swift */ = {isa = PBXFileReference; lastKnownFileType = sourcecode.swift; path = Authentication.swift; sourceTree = "<group>"; };
		A87934CB2859FC5400FDCDBA /* OnboardFirstPage.swift */ = {isa = PBXFileReference; lastKnownFileType = sourcecode.swift; path = OnboardFirstPage.swift; sourceTree = "<group>"; };
		A8982EC8285B6780000D11D0 /* Launch Screen.storyboard */ = {isa = PBXFileReference; lastKnownFileType = file.storyboard; path = "Launch Screen.storyboard"; sourceTree = "<group>"; };
		A8BD8114285A3543003D744B /* Onboarding.swift */ = {isa = PBXFileReference; lastKnownFileType = sourcecode.swift; path = Onboarding.swift; sourceTree = "<group>"; };
		A8C146A6285A4A5E00F6D37F /* OnboardSecondPage.swift */ = {isa = PBXFileReference; lastKnownFileType = sourcecode.swift; path = OnboardSecondPage.swift; sourceTree = "<group>"; };
		A8C146A8285A525100F6D37F /* OnboardThirdPage.swift */ = {isa = PBXFileReference; lastKnownFileType = sourcecode.swift; path = OnboardThirdPage.swift; sourceTree = "<group>"; };
		A8D578972852F2000059FE49 /* TextStyleExtension.swift */ = {isa = PBXFileReference; lastKnownFileType = sourcecode.swift; path = TextStyleExtension.swift; sourceTree = "<group>"; };
		AF174B252851859300BCF680 /* TaxiPartyListView.swift */ = {isa = PBXFileReference; lastKnownFileType = sourcecode.swift; path = TaxiPartyListView.swift; sourceTree = "<group>"; };
		AF6FD9FE285A951B00827D8C /* TaxiPartyListViewModel.swift */ = {isa = PBXFileReference; lastKnownFileType = sourcecode.swift; path = TaxiPartyListViewModel.swift; sourceTree = "<group>"; };
		AFFA12582857BCFE0076CB2F /* CalendarModal.swift */ = {isa = PBXFileReference; fileEncoding = 4; lastKnownFileType = sourcecode.swift; path = CalendarModal.swift; sourceTree = "<group>"; };
		E622D8F528503D19005A68F3 /* ViewExtension.swift */ = {isa = PBXFileReference; lastKnownFileType = sourcecode.swift; path = ViewExtension.swift; sourceTree = "<group>"; };
		E63C7A9F2858B5170080530B /* DayContainer.swift */ = {isa = PBXFileReference; lastKnownFileType = sourcecode.swift; path = DayContainer.swift; sourceTree = "<group>"; };
		E63C7AA12858B5520080530B /* DateExtension.swift */ = {isa = PBXFileReference; lastKnownFileType = sourcecode.swift; path = DateExtension.swift; sourceTree = "<group>"; };
		E63C7AA42858B5B50080530B /* TaxiPartyMockData.swift */ = {isa = PBXFileReference; lastKnownFileType = sourcecode.swift; path = TaxiPartyMockData.swift; sourceTree = "<group>"; };
		E63C7AA62858B5DE0080530B /* CalendarHelper.swift */ = {isa = PBXFileReference; lastKnownFileType = sourcecode.swift; path = CalendarHelper.swift; sourceTree = "<group>"; };
		E63C7AA82858B6130080530B /* CalendarView.swift */ = {isa = PBXFileReference; lastKnownFileType = sourcecode.swift; path = CalendarView.swift; sourceTree = "<group>"; };
		E63C7AAF2858C2380080530B /* SignUpCodeView.swift */ = {isa = PBXFileReference; lastKnownFileType = sourcecode.swift; path = SignUpCodeView.swift; sourceTree = "<group>"; };
		E63C7AB12858C2520080530B /* SignUpNicknameView.swift */ = {isa = PBXFileReference; lastKnownFileType = sourcecode.swift; path = SignUpNicknameView.swift; sourceTree = "<group>"; };
		E63C7AB32858C2650080530B /* UnderlinedTextField.swift */ = {isa = PBXFileReference; lastKnownFileType = sourcecode.swift; path = UnderlinedTextField.swift; sourceTree = "<group>"; };
		E6C93732285AD52600464D37 /* SignUpButton.swift */ = {isa = PBXFileReference; lastKnownFileType = sourcecode.swift; path = SignUpButton.swift; sourceTree = "<group>"; };
		E6E0E06E285A15B1001BAF6F /* StringExtension.swift */ = {isa = PBXFileReference; lastKnownFileType = sourcecode.swift; path = StringExtension.swift; sourceTree = "<group>"; };
/* End PBXFileReference section */

/* Begin PBXFrameworksBuildPhase section */
		000D831F2840E23800BA3DFA /* Frameworks */ = {
			isa = PBXFrameworksBuildPhase;
			buildActionMask = 2147483647;
			files = (
				00F6B72A28596F7D00DACA06 /* SegmentedPicker in Frameworks */,
				50F3D18B28537B110004B5CE /* SDWebImageSwiftUI in Frameworks */,
				00F8569A2844A985008E2E2F /* FirebaseAnalytics in Frameworks */,
				00F856A62844A985008E2E2F /* FirebaseFunctions in Frameworks */,
				00F856AC2844A985008E2E2F /* FirebaseStorageCombine-Community in Frameworks */,
				00F856AA2844A985008E2E2F /* FirebaseStorage in Frameworks */,
				00F856A02844A985008E2E2F /* FirebaseFirestore in Frameworks */,
				00F8569E2844A985008E2E2F /* FirebaseAuthCombine-Community in Frameworks */,
				00F856A22844A985008E2E2F /* FirebaseFirestoreCombine-Community in Frameworks */,
				00F8569C2844A985008E2E2F /* FirebaseAuth in Frameworks */,
				00F856A42844A985008E2E2F /* FirebaseFirestoreSwift in Frameworks */,
				000E83B7284A2DBF000CD5AA /* FirebaseMessaging in Frameworks */,
				00F856A82844A985008E2E2F /* FirebaseFunctionsCombine-Community in Frameworks */,
			);
			runOnlyForDeploymentPostprocessing = 0;
		};
		000D832F2840E23A00BA3DFA /* Frameworks */ = {
			isa = PBXFrameworksBuildPhase;
			buildActionMask = 2147483647;
			files = (
			);
			runOnlyForDeploymentPostprocessing = 0;
		};
		000D83392840E23A00BA3DFA /* Frameworks */ = {
			isa = PBXFrameworksBuildPhase;
			buildActionMask = 2147483647;
			files = (
			);
			runOnlyForDeploymentPostprocessing = 0;
		};
/* End PBXFrameworksBuildPhase section */

/* Begin PBXGroup section */
		000AE1CD284C8FE700AF59BE /* Model */ = {
			isa = PBXGroup;
			children = (
				00E8F1B8284B213C00D68DF0 /* User.swift */,
				00E8F1BA284B21FE00D68DF0 /* Message.swift */,
				00842A93284B2682000292E5 /* TaxiParty.swift */,
				00842A95284B287D000292E5 /* Place.swift */,
				E63C7A9F2858B5170080530B /* DayContainer.swift */,
			);
			path = Model;
			sourceTree = "<group>";
		};
		000AE1CE284C8FF000AF59BE /* UseCase */ = {
			isa = PBXGroup;
			children = (
				000E545728531C510085C39E /* AddTaxiPartyUseCase.swift */,
				000E5459285321250085C39E /* JoinTaxiPartyUseCase.swift */,
				000E545B285321E70085C39E /* GetTaxiPartyUseCase.swift */,
				000E545D2853622D0085C39E /* AuthenticateUseCase.swift */,
				00D904B42854A64E0003BA5A /* MyTaxiPartyUseCase.swift */,
				000C24F62859CB440054D679 /* ChattingUseCase.swift */,
			);
			path = UseCase;
			sourceTree = "<group>";
		};
		000AE1CF284C920B00AF59BE /* Interface */ = {
			isa = PBXGroup;
			children = (
				000AE1D0284C922500AF59BE /* UserRepository.swift */,
				00D3AE71284F8467001E34A0 /* TaxiPartyRepository.swift */,
				00437E2E28503D3000844821 /* MyTaxiPartyRepository.swift */,
				00F6B7302859C44D00DACA06 /* ChattingRepository.swift */,
			);
			path = Interface;
			sourceTree = "<group>";
		};
		000D83192840E23800BA3DFA = {
			isa = PBXGroup;
			children = (
				A8982EC8285B6780000D11D0 /* Launch Screen.storyboard */,
				00102B62284D833C000B8BFF /* 1Profile.jpg */,
				003ABC0B284749F7000FA7A2 /* .swiftlint.yml */,
				000E83B3284A2D55000CD5AA /* GoogleService-Info.plist */,
				000D83242840E23800BA3DFA /* Taxi */,
				000D83352840E23A00BA3DFA /* TaxiTests */,
				000D833F2840E23A00BA3DFA /* TaxiUITests */,
				000D83232840E23800BA3DFA /* Products */,
				000E83B5284A2DB6000CD5AA /* Frameworks */,
			);
			sourceTree = "<group>";
		};
		000D83232840E23800BA3DFA /* Products */ = {
			isa = PBXGroup;
			children = (
				000D83222840E23800BA3DFA /* Taxi.app */,
				000D83322840E23A00BA3DFA /* TaxiTests.xctest */,
				000D833C2840E23A00BA3DFA /* TaxiUITests.xctest */,
			);
			name = Products;
			sourceTree = "<group>";
		};
		000D83242840E23800BA3DFA /* Taxi */ = {
			isa = PBXGroup;
			children = (
				00A5705628518200008B220E /* Component */,
				004A833C28470DCC00E07EA0 /* Info.plist */,
				004A833B28470DAA00E07EA0 /* TaxiRelease.entitlements */,
				00F85695284492BC008E2E2F /* Extension */,
				E63C7AA32858B5930080530B /* MockData */,
				00F85694284492B5008E2E2F /* Constant */,
				00F85693284492AC008E2E2F /* Data */,
				00F85692284492A8008E2E2F /* Domain */,
				00F856912844927A008E2E2F /* Presenter */,
				000D83252840E23800BA3DFA /* TaxiApp.swift */,
				000D83292840E23A00BA3DFA /* Assets.xcassets */,
				000D832B2840E23A00BA3DFA /* Preview Content */,
			);
			path = Taxi;
			sourceTree = "<group>";
		};
		000D832B2840E23A00BA3DFA /* Preview Content */ = {
			isa = PBXGroup;
			children = (
				000D832C2840E23A00BA3DFA /* Preview Assets.xcassets */,
			);
			path = "Preview Content";
			sourceTree = "<group>";
		};
		000D83352840E23A00BA3DFA /* TaxiTests */ = {
			isa = PBXGroup;
			children = (
				000D83362840E23A00BA3DFA /* TaxiTests.swift */,
				002F89EE284CA5FF00D7E51B /* UserRepositoryTest.swift */,
				00D3AE73284F87DB001E34A0 /* TaxiPartyRepositoryTest.swift */,
				00437E302850409C00844821 /* MyTaxiPartyRepositoryTest.swift */,
				003C339828574BBF002B22F4 /* AddTaxiPartyUsecaseTest.swift */,
				003C339A2857559D002B22F4 /* JoinTaxiPartyTest.swift */,
				003C339C28575712002B22F4 /* GetTaxiPartyUsecaseTest.swift */,
				003C339E285757F3002B22F4 /* MyTaxiPartyUsecaseTest.swift */,
				003C33A028575995002B22F4 /* AuthenticateUsecaseTest.swift */,
				000C24F82859CC240054D679 /* ChattingUseCaseTest.swift */,
			);
			path = TaxiTests;
			sourceTree = "<group>";
		};
		000D833F2840E23A00BA3DFA /* TaxiUITests */ = {
			isa = PBXGroup;
			children = (
				000D83402840E23A00BA3DFA /* TaxiUITests.swift */,
				000D83422840E23A00BA3DFA /* TaxiUITestsLaunchTests.swift */,
			);
			path = TaxiUITests;
			sourceTree = "<group>";
		};
		000E83B5284A2DB6000CD5AA /* Frameworks */ = {
			isa = PBXGroup;
			children = (
			);
			name = Frameworks;
			sourceTree = "<group>";
		};
		00A5705628518200008B220E /* Component */ = {
			isa = PBXGroup;
			children = (
				00A5705B285182E1008B220E /* RoundedButton.swift */,
				50DA19622856065200DEC46E /* ProfileImage.swift */,
				E63C7AB32858C2650080530B /* UnderlinedTextField.swift */,
				E6C93732285AD52600464D37 /* SignUpButton.swift */,
			);
			path = Component;
			sourceTree = "<group>";
		};
		00BC473D28581E530055CB6A /* AddTaxiParty */ = {
			isa = PBXGroup;
			children = (
				00BC473E28581E740055CB6A /* AddTaxiParty.swift */,
				00BC474028581E860055CB6A /* InfoContainer.swift */,
			);
			path = AddTaxiParty;
			sourceTree = "<group>";
		};
		00F856912844927A008E2E2F /* Presenter */ = {
			isa = PBXGroup;
			children = (
				00F6B72628596EEF00DACA06 /* PatyListCell.swift */,
				50F8003C285882DA00FA1063 /* ViewModel */,
				00BC473D28581E530055CB6A /* AddTaxiParty */,
				00A570652851EA33008B220E /* RootView.swift */,
				50595594285037AE001DA44C /* MyPageView.swift */,
				505955962850BF46001DA44C /* ProfileView.swift */,
				50459E2E28542E4E00287371 /* PhotoPicker.swift */,
				50459E34285490CC00287371 /* TaxiPartyInfoView.swift */,
				37F698842855FB910008C022 /* MyPartyView.swift */,
				37D4D1F02856D285002E787B /* ChatRoomView.swift */,
				E63C7AA62858B5DE0080530B /* CalendarHelper.swift */,
				E63C7AA82858B6130080530B /* CalendarView.swift */,
				AF174B252851859300BCF680 /* TaxiPartyListView.swift */,
				AFFA12582857BCFE0076CB2F /* CalendarModal.swift */,
				E63C7AAF2858C2380080530B /* SignUpCodeView.swift */,
				E63C7AB12858C2520080530B /* SignUpNicknameView.swift */,
				A8982EC5285B4F8D000D11D0 /* OnboardGroup */,
			);
			path = Presenter;
			sourceTree = "<group>";
		};
		00F85692284492A8008E2E2F /* Domain */ = {
			isa = PBXGroup;
			children = (
				000AE1CF284C920B00AF59BE /* Interface */,
				000AE1CE284C8FF000AF59BE /* UseCase */,
				000AE1CD284C8FE700AF59BE /* Model */,
			);
			path = Domain;
			sourceTree = "<group>";
		};
		00F85693284492AC008E2E2F /* Data */ = {
			isa = PBXGroup;
			children = (
				002F89EA284CA10800D7E51B /* UserFirebaseDataSource.swift */,
				00D3AE75284F8B55001E34A0 /* TaxiPartyFirebaseDataSource.swift */,
				00437E3428508CDB00844821 /* MyTaxiPartyFirebaseDataSource.swift */,
				000C24F42859C8930054D679 /* ChattingFirebaseDataSource.swift */,
			);
			path = Data;
			sourceTree = "<group>";
		};
		00F85694284492B5008E2E2F /* Constant */ = {
			isa = PBXGroup;
			children = (
				00A570632851E993008B220E /* ImageName.swift */,
			);
			path = Constant;
			sourceTree = "<group>";
		};
		00F85695284492BC008E2E2F /* Extension */ = {
			isa = PBXGroup;
			children = (
				00A570592851826A008B220E /* ColorExtension.swift */,
				A8D578972852F2000059FE49 /* TextStyleExtension.swift */,
				E622D8F528503D19005A68F3 /* ViewExtension.swift */,
				50459E322854701C00287371 /* ImageExtension.swift */,
				E63C7AA12858B5520080530B /* DateExtension.swift */,
				E6E0E06E285A15B1001BAF6F /* StringExtension.swift */,
			);
			path = Extension;
			sourceTree = "<group>";
		};
		50F8003C285882DA00FA1063 /* ViewModel */ = {
			isa = PBXGroup;
			children = (
				50F8003A28586F9200FA1063 /* Authentication.swift */,
				00F6B72E2859C00E00DACA06 /* AddTaxiPartyViewModel.swift */,
				000C24FA2859E74E0054D679 /* ChattingViewModel.swift */,
				508AE80E285A6E5500D111D3 /* UserProfileViewModel.swift */,
				AF6FD9FE285A951B00827D8C /* TaxiPartyListViewModel.swift */,
				50CCA9D6285AC4BE00977338 /* JoinTaxiPartyViewModel.swift */,
				374E059D285A18EC00215533 /* MyPartyViewModel.swift */,
			);
			path = ViewModel;
			sourceTree = "<group>";
		};
		A8982EC5285B4F8D000D11D0 /* OnboardGroup */ = {
			isa = PBXGroup;
			children = (
				A8BD8114285A3543003D744B /* Onboarding.swift */,
				A87934CB2859FC5400FDCDBA /* OnboardFirstPage.swift */,
				A8C146A6285A4A5E00F6D37F /* OnboardSecondPage.swift */,
				A8C146A8285A525100F6D37F /* OnboardThirdPage.swift */,
			);
			path = OnboardGroup;
			sourceTree = "<group>";
		};
		E63C7AA32858B5930080530B /* MockData */ = {
			isa = PBXGroup;
			children = (
				E63C7AA42858B5B50080530B /* TaxiPartyMockData.swift */,
				00E92498285A152F0026DD73 /* MessageMockData.swift */,
			);
			path = MockData;
			sourceTree = "<group>";
		};
/* End PBXGroup section */

/* Begin PBXNativeTarget section */
		000D83212840E23800BA3DFA /* Taxi */ = {
			isa = PBXNativeTarget;
			buildConfigurationList = 000D83462840E23A00BA3DFA /* Build configuration list for PBXNativeTarget "Taxi" */;
			buildPhases = (
				003ABC0A28474963000FA7A2 /* SwiftLint Script */,
				000D831E2840E23800BA3DFA /* Sources */,
				000D831F2840E23800BA3DFA /* Frameworks */,
				000D83202840E23800BA3DFA /* Resources */,
			);
			buildRules = (
			);
			dependencies = (
			);
			name = Taxi;
			packageProductDependencies = (
				00F856992844A985008E2E2F /* FirebaseAnalytics */,
				00F8569B2844A985008E2E2F /* FirebaseAuth */,
				00F8569D2844A985008E2E2F /* FirebaseAuthCombine-Community */,
				00F8569F2844A985008E2E2F /* FirebaseFirestore */,
				00F856A12844A985008E2E2F /* FirebaseFirestoreCombine-Community */,
				00F856A32844A985008E2E2F /* FirebaseFirestoreSwift */,
				00F856A52844A985008E2E2F /* FirebaseFunctions */,
				00F856A72844A985008E2E2F /* FirebaseFunctionsCombine-Community */,
				00F856A92844A985008E2E2F /* FirebaseStorage */,
				00F856AB2844A985008E2E2F /* FirebaseStorageCombine-Community */,
				000E83B6284A2DBF000CD5AA /* FirebaseMessaging */,
				50F3D18A28537B110004B5CE /* SDWebImageSwiftUI */,
				00F6B72928596F7D00DACA06 /* SegmentedPicker */,
			);
			productName = Taxi;
			productReference = 000D83222840E23800BA3DFA /* Taxi.app */;
			productType = "com.apple.product-type.application";
		};
		000D83312840E23A00BA3DFA /* TaxiTests */ = {
			isa = PBXNativeTarget;
			buildConfigurationList = 000D83492840E23A00BA3DFA /* Build configuration list for PBXNativeTarget "TaxiTests" */;
			buildPhases = (
				000D832E2840E23A00BA3DFA /* Sources */,
				000D832F2840E23A00BA3DFA /* Frameworks */,
				000D83302840E23A00BA3DFA /* Resources */,
			);
			buildRules = (
			);
			dependencies = (
				000D83342840E23A00BA3DFA /* PBXTargetDependency */,
			);
			name = TaxiTests;
			productName = TaxiTests;
			productReference = 000D83322840E23A00BA3DFA /* TaxiTests.xctest */;
			productType = "com.apple.product-type.bundle.unit-test";
		};
		000D833B2840E23A00BA3DFA /* TaxiUITests */ = {
			isa = PBXNativeTarget;
			buildConfigurationList = 000D834C2840E23A00BA3DFA /* Build configuration list for PBXNativeTarget "TaxiUITests" */;
			buildPhases = (
				000D83382840E23A00BA3DFA /* Sources */,
				000D83392840E23A00BA3DFA /* Frameworks */,
				000D833A2840E23A00BA3DFA /* Resources */,
			);
			buildRules = (
			);
			dependencies = (
				000D833E2840E23A00BA3DFA /* PBXTargetDependency */,
			);
			name = TaxiUITests;
			productName = TaxiUITests;
			productReference = 000D833C2840E23A00BA3DFA /* TaxiUITests.xctest */;
			productType = "com.apple.product-type.bundle.ui-testing";
		};
/* End PBXNativeTarget section */

/* Begin PBXProject section */
		000D831A2840E23800BA3DFA /* Project object */ = {
			isa = PBXProject;
			attributes = {
				BuildIndependentTargetsInParallel = 1;
				LastSwiftUpdateCheck = 1340;
				LastUpgradeCheck = 1340;
				TargetAttributes = {
					000D83212840E23800BA3DFA = {
						CreatedOnToolsVersion = 13.4;
					};
					000D83312840E23A00BA3DFA = {
						CreatedOnToolsVersion = 13.4;
						TestTargetID = 000D83212840E23800BA3DFA;
					};
					000D833B2840E23A00BA3DFA = {
						CreatedOnToolsVersion = 13.4;
						TestTargetID = 000D83212840E23800BA3DFA;
					};
				};
			};
			buildConfigurationList = 000D831D2840E23800BA3DFA /* Build configuration list for PBXProject "Taxi" */;
			compatibilityVersion = "Xcode 13.0";
			developmentRegion = en;
			hasScannedForEncodings = 0;
			knownRegions = (
				en,
				Base,
			);
			mainGroup = 000D83192840E23800BA3DFA;
			packageReferences = (
				00F856982844A985008E2E2F /* XCRemoteSwiftPackageReference "firebase-ios-sdk" */,
				50F3D18928537B110004B5CE /* XCRemoteSwiftPackageReference "SDWebImageSwiftUI" */,
				00F6B72828596F7D00DACA06 /* XCRemoteSwiftPackageReference "SwiftySegmentedPicker" */,
			);
			productRefGroup = 000D83232840E23800BA3DFA /* Products */;
			projectDirPath = "";
			projectRoot = "";
			targets = (
				000D83212840E23800BA3DFA /* Taxi */,
				000D83312840E23A00BA3DFA /* TaxiTests */,
				000D833B2840E23A00BA3DFA /* TaxiUITests */,
			);
		};
/* End PBXProject section */

/* Begin PBXResourcesBuildPhase section */
		000D83202840E23800BA3DFA /* Resources */ = {
			isa = PBXResourcesBuildPhase;
			buildActionMask = 2147483647;
			files = (
				003ABC0C284749F7000FA7A2 /* .swiftlint.yml in Resources */,
				000E83B4284A2D55000CD5AA /* GoogleService-Info.plist in Resources */,
				000D832D2840E23A00BA3DFA /* Preview Assets.xcassets in Resources */,
				A8982EC9285B6780000D11D0 /* Launch Screen.storyboard in Resources */,
				000D832A2840E23A00BA3DFA /* Assets.xcassets in Resources */,
			);
			runOnlyForDeploymentPostprocessing = 0;
		};
		000D83302840E23A00BA3DFA /* Resources */ = {
			isa = PBXResourcesBuildPhase;
			buildActionMask = 2147483647;
			files = (
				00102B63284D833C000B8BFF /* 1Profile.jpg in Resources */,
			);
			runOnlyForDeploymentPostprocessing = 0;
		};
		000D833A2840E23A00BA3DFA /* Resources */ = {
			isa = PBXResourcesBuildPhase;
			buildActionMask = 2147483647;
			files = (
			);
			runOnlyForDeploymentPostprocessing = 0;
		};
/* End PBXResourcesBuildPhase section */

/* Begin PBXShellScriptBuildPhase section */
		003ABC0A28474963000FA7A2 /* SwiftLint Script */ = {
			isa = PBXShellScriptBuildPhase;
			buildActionMask = 2147483647;
			files = (
			);
			inputFileListPaths = (
			);
			inputPaths = (
			);
			name = "SwiftLint Script";
			outputFileListPaths = (
			);
			outputPaths = (
			);
			runOnlyForDeploymentPostprocessing = 0;
			shellPath = /bin/sh;
			shellScript = "export PATH=\"$PATH:/opt/homebrew/bin\" \nif which swiftlint > /dev/null; then\n  swiftlint\nelse\n  echo \"warning: SwiftLint not installed, download from https://github.com/realm/SwiftLint\"\nfi\n";
		};
/* End PBXShellScriptBuildPhase section */

/* Begin PBXSourcesBuildPhase section */
		000D831E2840E23800BA3DFA /* Sources */ = {
			isa = PBXSourcesBuildPhase;
			buildActionMask = 2147483647;
			files = (
				00BC47472858CAF80055CB6A /* AddTaxiPartyUseCase.swift in Sources */,
				00F6B7312859C44D00DACA06 /* ChattingRepository.swift in Sources */,
				000E545A285321250085C39E /* JoinTaxiPartyUseCase.swift in Sources */,
				E63C7AB22858C2520080530B /* SignUpNicknameView.swift in Sources */,
				374E059E285A18EC00215533 /* MyPartyViewModel.swift in Sources */,
				00D3AE72284F8467001E34A0 /* TaxiPartyRepository.swift in Sources */,
				A8C146A9285A525100F6D37F /* OnboardThirdPage.swift in Sources */,
				50459E332854701C00287371 /* ImageExtension.swift in Sources */,
				00E8F1BB284B21FE00D68DF0 /* Message.swift in Sources */,
				50459E2F28542E4E00287371 /* PhotoPicker.swift in Sources */,
				00F6B72F2859C00E00DACA06 /* AddTaxiPartyViewModel.swift in Sources */,
				002F89EB284CA10800D7E51B /* UserFirebaseDataSource.swift in Sources */,
				00437E2F28503D3000844821 /* MyTaxiPartyRepository.swift in Sources */,
				00F6B72728596EEF00DACA06 /* PatyListCell.swift in Sources */,
				E63C7AA72858B5DE0080530B /* CalendarHelper.swift in Sources */,
				50CCA9D7285AC4BE00977338 /* JoinTaxiPartyViewModel.swift in Sources */,
				50DA19632856065200DEC46E /* ProfileImage.swift in Sources */,
				505955972850BF46001DA44C /* ProfileView.swift in Sources */,
				E63C7AA92858B6130080530B /* CalendarView.swift in Sources */,
				AFFA12592857BCFE0076CB2F /* CalendarModal.swift in Sources */,
				E63C7AB02858C2380080530B /* SignUpCodeView.swift in Sources */,
				000D83262840E23800BA3DFA /* TaxiApp.swift in Sources */,
				508AE80F285A6E5500D111D3 /* UserProfileViewModel.swift in Sources */,
				00A570642851E993008B220E /* ImageName.swift in Sources */,
				A8C146A7285A4A5E00F6D37F /* OnboardSecondPage.swift in Sources */,
				E63C7AA52858B5B50080530B /* TaxiPartyMockData.swift in Sources */,
				E622D8F628503D19005A68F3 /* ViewExtension.swift in Sources */,
				E6C93733285AD52600464D37 /* SignUpButton.swift in Sources */,
				AF174B262851859300BCF680 /* TaxiPartyListView.swift in Sources */,
				000AE1D1284C922500AF59BE /* UserRepository.swift in Sources */,
				37F698852855FB910008C022 /* MyPartyView.swift in Sources */,
				00A570662851EA33008B220E /* RootView.swift in Sources */,
				50595595285037AE001DA44C /* MyPageView.swift in Sources */,
				00842A96284B287D000292E5 /* Place.swift in Sources */,
				37D4D1F12856D285002E787B /* ChatRoomView.swift in Sources */,
				00E8F1B9284B213C00D68DF0 /* User.swift in Sources */,
				000C24FB2859E74E0054D679 /* ChattingViewModel.swift in Sources */,
				00BC474128581E860055CB6A /* InfoContainer.swift in Sources */,
				E6E0E06F285A15B1001BAF6F /* StringExtension.swift in Sources */,
				A8BD8115285A3543003D744B /* Onboarding.swift in Sources */,
				000E545E2853622D0085C39E /* AuthenticateUseCase.swift in Sources */,
				E63C7AA02858B5170080530B /* DayContainer.swift in Sources */,
				A87934CC2859FC5400FDCDBA /* OnboardFirstPage.swift in Sources */,
				00D3AE76284F8B55001E34A0 /* TaxiPartyFirebaseDataSource.swift in Sources */,
				00437E3528508CDB00844821 /* MyTaxiPartyFirebaseDataSource.swift in Sources */,
				E63C7AB42858C2650080530B /* UnderlinedTextField.swift in Sources */,
				50F8003B28586F9200FA1063 /* Authentication.swift in Sources */,
				00A5705C285182E1008B220E /* RoundedButton.swift in Sources */,
				AF6FD9FF285A951C00827D8C /* TaxiPartyListViewModel.swift in Sources */,
				000C24F52859C8930054D679 /* ChattingFirebaseDataSource.swift in Sources */,
				50459E35285490CC00287371 /* TaxiPartyInfoView.swift in Sources */,
				00842A94284B2682000292E5 /* TaxiParty.swift in Sources */,
				00D904B52854A64E0003BA5A /* MyTaxiPartyUseCase.swift in Sources */,
				00E92499285A152F0026DD73 /* MessageMockData.swift in Sources */,
				00BC473F28581E740055CB6A /* AddTaxiParty.swift in Sources */,
				A8D578982852F2000059FE49 /* TextStyleExtension.swift in Sources */,
				00A5705A2851826A008B220E /* ColorExtension.swift in Sources */,
				E63C7AA22858B5520080530B /* DateExtension.swift in Sources */,
				000E545C285321E70085C39E /* GetTaxiPartyUseCase.swift in Sources */,
				000C24F72859CB440054D679 /* ChattingUseCase.swift in Sources */,
			);
			runOnlyForDeploymentPostprocessing = 0;
		};
		000D832E2840E23A00BA3DFA /* Sources */ = {
			isa = PBXSourcesBuildPhase;
			buildActionMask = 2147483647;
			files = (
				003C33A128575995002B22F4 /* AuthenticateUsecaseTest.swift in Sources */,
				00D3AE74284F87DB001E34A0 /* TaxiPartyRepositoryTest.swift in Sources */,
				002F89EF284CA5FF00D7E51B /* UserRepositoryTest.swift in Sources */,
				000C24F92859CC240054D679 /* ChattingUseCaseTest.swift in Sources */,
				003C339D28575712002B22F4 /* GetTaxiPartyUsecaseTest.swift in Sources */,
				00437E312850409C00844821 /* MyTaxiPartyRepositoryTest.swift in Sources */,
				003C339F285757F3002B22F4 /* MyTaxiPartyUsecaseTest.swift in Sources */,
				000D83372840E23A00BA3DFA /* TaxiTests.swift in Sources */,
				003C339B2857559D002B22F4 /* JoinTaxiPartyTest.swift in Sources */,
				003C339928574BBF002B22F4 /* AddTaxiPartyUsecaseTest.swift in Sources */,
			);
			runOnlyForDeploymentPostprocessing = 0;
		};
		000D83382840E23A00BA3DFA /* Sources */ = {
			isa = PBXSourcesBuildPhase;
			buildActionMask = 2147483647;
			files = (
				000D83432840E23A00BA3DFA /* TaxiUITestsLaunchTests.swift in Sources */,
				000D83412840E23A00BA3DFA /* TaxiUITests.swift in Sources */,
			);
			runOnlyForDeploymentPostprocessing = 0;
		};
/* End PBXSourcesBuildPhase section */

/* Begin PBXTargetDependency section */
		000D83342840E23A00BA3DFA /* PBXTargetDependency */ = {
			isa = PBXTargetDependency;
			target = 000D83212840E23800BA3DFA /* Taxi */;
			targetProxy = 000D83332840E23A00BA3DFA /* PBXContainerItemProxy */;
		};
		000D833E2840E23A00BA3DFA /* PBXTargetDependency */ = {
			isa = PBXTargetDependency;
			target = 000D83212840E23800BA3DFA /* Taxi */;
			targetProxy = 000D833D2840E23A00BA3DFA /* PBXContainerItemProxy */;
		};
/* End PBXTargetDependency section */

/* Begin XCBuildConfiguration section */
		000D83442840E23A00BA3DFA /* Debug */ = {
			isa = XCBuildConfiguration;
			buildSettings = {
				ALWAYS_SEARCH_USER_PATHS = NO;
				CLANG_ANALYZER_NONNULL = YES;
				CLANG_ANALYZER_NUMBER_OBJECT_CONVERSION = YES_AGGRESSIVE;
				CLANG_CXX_LANGUAGE_STANDARD = "gnu++17";
				CLANG_ENABLE_MODULES = YES;
				CLANG_ENABLE_OBJC_ARC = YES;
				CLANG_ENABLE_OBJC_WEAK = YES;
				CLANG_WARN_BLOCK_CAPTURE_AUTORELEASING = YES;
				CLANG_WARN_BOOL_CONVERSION = YES;
				CLANG_WARN_COMMA = YES;
				CLANG_WARN_CONSTANT_CONVERSION = YES;
				CLANG_WARN_DEPRECATED_OBJC_IMPLEMENTATIONS = YES;
				CLANG_WARN_DIRECT_OBJC_ISA_USAGE = YES_ERROR;
				CLANG_WARN_DOCUMENTATION_COMMENTS = YES;
				CLANG_WARN_EMPTY_BODY = YES;
				CLANG_WARN_ENUM_CONVERSION = YES;
				CLANG_WARN_INFINITE_RECURSION = YES;
				CLANG_WARN_INT_CONVERSION = YES;
				CLANG_WARN_NON_LITERAL_NULL_CONVERSION = YES;
				CLANG_WARN_OBJC_IMPLICIT_RETAIN_SELF = YES;
				CLANG_WARN_OBJC_LITERAL_CONVERSION = YES;
				CLANG_WARN_OBJC_ROOT_CLASS = YES_ERROR;
				CLANG_WARN_QUOTED_INCLUDE_IN_FRAMEWORK_HEADER = YES;
				CLANG_WARN_RANGE_LOOP_ANALYSIS = YES;
				CLANG_WARN_STRICT_PROTOTYPES = YES;
				CLANG_WARN_SUSPICIOUS_MOVE = YES;
				CLANG_WARN_UNGUARDED_AVAILABILITY = YES_AGGRESSIVE;
				CLANG_WARN_UNREACHABLE_CODE = YES;
				CLANG_WARN__DUPLICATE_METHOD_MATCH = YES;
				COPY_PHASE_STRIP = NO;
				DEBUG_INFORMATION_FORMAT = dwarf;
				ENABLE_STRICT_OBJC_MSGSEND = YES;
				ENABLE_TESTABILITY = YES;
				GCC_C_LANGUAGE_STANDARD = gnu11;
				GCC_DYNAMIC_NO_PIC = NO;
				GCC_NO_COMMON_BLOCKS = YES;
				GCC_OPTIMIZATION_LEVEL = 0;
				GCC_PREPROCESSOR_DEFINITIONS = (
					"DEBUG=1",
					"$(inherited)",
				);
				GCC_WARN_64_TO_32_BIT_CONVERSION = YES;
				GCC_WARN_ABOUT_RETURN_TYPE = YES_ERROR;
				GCC_WARN_UNDECLARED_SELECTOR = YES;
				GCC_WARN_UNINITIALIZED_AUTOS = YES_AGGRESSIVE;
				GCC_WARN_UNUSED_FUNCTION = YES;
				GCC_WARN_UNUSED_VARIABLE = YES;
				IPHONEOS_DEPLOYMENT_TARGET = 15.0;
				MTL_ENABLE_DEBUG_INFO = INCLUDE_SOURCE;
				MTL_FAST_MATH = YES;
				ONLY_ACTIVE_ARCH = YES;
				SDKROOT = iphoneos;
				SWIFT_ACTIVE_COMPILATION_CONDITIONS = DEBUG;
				SWIFT_OPTIMIZATION_LEVEL = "-Onone";
			};
			name = Debug;
		};
		000D83452840E23A00BA3DFA /* Release */ = {
			isa = XCBuildConfiguration;
			buildSettings = {
				ALWAYS_SEARCH_USER_PATHS = NO;
				CLANG_ANALYZER_NONNULL = YES;
				CLANG_ANALYZER_NUMBER_OBJECT_CONVERSION = YES_AGGRESSIVE;
				CLANG_CXX_LANGUAGE_STANDARD = "gnu++17";
				CLANG_ENABLE_MODULES = YES;
				CLANG_ENABLE_OBJC_ARC = YES;
				CLANG_ENABLE_OBJC_WEAK = YES;
				CLANG_WARN_BLOCK_CAPTURE_AUTORELEASING = YES;
				CLANG_WARN_BOOL_CONVERSION = YES;
				CLANG_WARN_COMMA = YES;
				CLANG_WARN_CONSTANT_CONVERSION = YES;
				CLANG_WARN_DEPRECATED_OBJC_IMPLEMENTATIONS = YES;
				CLANG_WARN_DIRECT_OBJC_ISA_USAGE = YES_ERROR;
				CLANG_WARN_DOCUMENTATION_COMMENTS = YES;
				CLANG_WARN_EMPTY_BODY = YES;
				CLANG_WARN_ENUM_CONVERSION = YES;
				CLANG_WARN_INFINITE_RECURSION = YES;
				CLANG_WARN_INT_CONVERSION = YES;
				CLANG_WARN_NON_LITERAL_NULL_CONVERSION = YES;
				CLANG_WARN_OBJC_IMPLICIT_RETAIN_SELF = YES;
				CLANG_WARN_OBJC_LITERAL_CONVERSION = YES;
				CLANG_WARN_OBJC_ROOT_CLASS = YES_ERROR;
				CLANG_WARN_QUOTED_INCLUDE_IN_FRAMEWORK_HEADER = YES;
				CLANG_WARN_RANGE_LOOP_ANALYSIS = YES;
				CLANG_WARN_STRICT_PROTOTYPES = YES;
				CLANG_WARN_SUSPICIOUS_MOVE = YES;
				CLANG_WARN_UNGUARDED_AVAILABILITY = YES_AGGRESSIVE;
				CLANG_WARN_UNREACHABLE_CODE = YES;
				CLANG_WARN__DUPLICATE_METHOD_MATCH = YES;
				COPY_PHASE_STRIP = NO;
				DEBUG_INFORMATION_FORMAT = "dwarf-with-dsym";
				ENABLE_NS_ASSERTIONS = NO;
				ENABLE_STRICT_OBJC_MSGSEND = YES;
				GCC_C_LANGUAGE_STANDARD = gnu11;
				GCC_NO_COMMON_BLOCKS = YES;
				GCC_WARN_64_TO_32_BIT_CONVERSION = YES;
				GCC_WARN_ABOUT_RETURN_TYPE = YES_ERROR;
				GCC_WARN_UNDECLARED_SELECTOR = YES;
				GCC_WARN_UNINITIALIZED_AUTOS = YES_AGGRESSIVE;
				GCC_WARN_UNUSED_FUNCTION = YES;
				GCC_WARN_UNUSED_VARIABLE = YES;
				IPHONEOS_DEPLOYMENT_TARGET = 15.0;
				MTL_ENABLE_DEBUG_INFO = NO;
				MTL_FAST_MATH = YES;
				SDKROOT = iphoneos;
				SWIFT_COMPILATION_MODE = wholemodule;
				SWIFT_OPTIMIZATION_LEVEL = "-O";
				VALIDATE_PRODUCT = YES;
			};
			name = Release;
		};
		000D83472840E23A00BA3DFA /* Debug */ = {
			isa = XCBuildConfiguration;
			buildSettings = {
				ASSETCATALOG_COMPILER_APPICON_NAME = AppIcon;
				ASSETCATALOG_COMPILER_GLOBAL_ACCENT_COLOR_NAME = AccentColor;
				CODE_SIGN_ENTITLEMENTS = Taxi/TaxiRelease.entitlements;
				CODE_SIGN_STYLE = Automatic;
				CURRENT_PROJECT_VERSION = 1;
				DEVELOPMENT_ASSET_PATHS = "\"Taxi/Preview Content\"";
				DEVELOPMENT_TEAM = 44RS35G3C5;
				ENABLE_PREVIEWS = YES;
				GENERATE_INFOPLIST_FILE = YES;
				INFOPLIST_FILE = Taxi/Info.plist;
				INFOPLIST_KEY_UIApplicationSceneManifest_Generation = YES;
				INFOPLIST_KEY_UIApplicationSupportsIndirectInputEvents = YES;
				INFOPLIST_KEY_UILaunchScreen_Generation = YES;
				INFOPLIST_KEY_UILaunchStoryboardName = "Launch Screen";
				INFOPLIST_KEY_UISupportedInterfaceOrientations_iPad = "UIInterfaceOrientationPortrait UIInterfaceOrientationPortraitUpsideDown UIInterfaceOrientationLandscapeLeft UIInterfaceOrientationLandscapeRight";
				INFOPLIST_KEY_UISupportedInterfaceOrientations_iPhone = "UIInterfaceOrientationPortrait UIInterfaceOrientationLandscapeLeft UIInterfaceOrientationLandscapeRight";
				IPHONEOS_DEPLOYMENT_TARGET = 15.0;
				LD_RUNPATH_SEARCH_PATHS = (
					"$(inherited)",
					"@executable_path/Frameworks",
				);
				MARKETING_VERSION = 1.0;
				PRODUCT_BUNDLE_IDENTIFIER = org.ssak3.Taxi;
				PRODUCT_NAME = "$(TARGET_NAME)";
				SWIFT_EMIT_LOC_STRINGS = YES;
				SWIFT_VERSION = 5.0;
				TARGETED_DEVICE_FAMILY = 1;
			};
			name = Debug;
		};
		000D83482840E23A00BA3DFA /* Release */ = {
			isa = XCBuildConfiguration;
			buildSettings = {
				ASSETCATALOG_COMPILER_APPICON_NAME = AppIcon;
				ASSETCATALOG_COMPILER_GLOBAL_ACCENT_COLOR_NAME = AccentColor;
				CODE_SIGN_ENTITLEMENTS = Taxi/TaxiRelease.entitlements;
				CODE_SIGN_IDENTITY = "Apple Development";
				CODE_SIGN_STYLE = Automatic;
				CURRENT_PROJECT_VERSION = 1;
				DEVELOPMENT_ASSET_PATHS = "\"Taxi/Preview Content\"";
				DEVELOPMENT_TEAM = 44RS35G3C5;
				ENABLE_PREVIEWS = YES;
				GENERATE_INFOPLIST_FILE = YES;
				INFOPLIST_FILE = Taxi/Info.plist;
				INFOPLIST_KEY_UIApplicationSceneManifest_Generation = YES;
				INFOPLIST_KEY_UIApplicationSupportsIndirectInputEvents = YES;
				INFOPLIST_KEY_UILaunchScreen_Generation = YES;
				INFOPLIST_KEY_UILaunchStoryboardName = "Launch Screen";
				INFOPLIST_KEY_UISupportedInterfaceOrientations_iPad = "UIInterfaceOrientationPortrait UIInterfaceOrientationPortraitUpsideDown UIInterfaceOrientationLandscapeLeft UIInterfaceOrientationLandscapeRight";
				INFOPLIST_KEY_UISupportedInterfaceOrientations_iPhone = "UIInterfaceOrientationPortrait UIInterfaceOrientationLandscapeLeft UIInterfaceOrientationLandscapeRight";
				IPHONEOS_DEPLOYMENT_TARGET = 15.0;
				LD_RUNPATH_SEARCH_PATHS = (
					"$(inherited)",
					"@executable_path/Frameworks",
				);
				MARKETING_VERSION = 1.0;
				PRODUCT_BUNDLE_IDENTIFIER = org.ssak3.Taxi;
				PRODUCT_NAME = "$(TARGET_NAME)";
				PROVISIONING_PROFILE_SPECIFIER = "";
				SWIFT_EMIT_LOC_STRINGS = YES;
				SWIFT_VERSION = 5.0;
				TARGETED_DEVICE_FAMILY = 1;
			};
			name = Release;
		};
		000D834A2840E23A00BA3DFA /* Debug */ = {
			isa = XCBuildConfiguration;
			buildSettings = {
				ALWAYS_EMBED_SWIFT_STANDARD_LIBRARIES = YES;
				BUNDLE_LOADER = "$(TEST_HOST)";
				CODE_SIGN_STYLE = Automatic;
				CURRENT_PROJECT_VERSION = 1;
				DEVELOPMENT_TEAM = 44RS35G3C5;
				GENERATE_INFOPLIST_FILE = YES;
				IPHONEOS_DEPLOYMENT_TARGET = 15.5;
				MARKETING_VERSION = 1.0;
				PRODUCT_BUNDLE_IDENTIFIER = org.ssak3.TaxiTests;
				PRODUCT_NAME = "$(TARGET_NAME)";
				SWIFT_EMIT_LOC_STRINGS = NO;
				SWIFT_VERSION = 5.0;
				TARGETED_DEVICE_FAMILY = "1,2";
				TEST_HOST = "$(BUILT_PRODUCTS_DIR)/Taxi.app/Taxi";
			};
			name = Debug;
		};
		000D834B2840E23A00BA3DFA /* Release */ = {
			isa = XCBuildConfiguration;
			buildSettings = {
				ALWAYS_EMBED_SWIFT_STANDARD_LIBRARIES = YES;
				BUNDLE_LOADER = "$(TEST_HOST)";
				CODE_SIGN_STYLE = Automatic;
				CURRENT_PROJECT_VERSION = 1;
				DEVELOPMENT_TEAM = 44RS35G3C5;
				GENERATE_INFOPLIST_FILE = YES;
				IPHONEOS_DEPLOYMENT_TARGET = 15.5;
				MARKETING_VERSION = 1.0;
				PRODUCT_BUNDLE_IDENTIFIER = org.ssak3.TaxiTests;
				PRODUCT_NAME = "$(TARGET_NAME)";
				SWIFT_EMIT_LOC_STRINGS = NO;
				SWIFT_VERSION = 5.0;
				TARGETED_DEVICE_FAMILY = "1,2";
				TEST_HOST = "$(BUILT_PRODUCTS_DIR)/Taxi.app/Taxi";
			};
			name = Release;
		};
		000D834D2840E23A00BA3DFA /* Debug */ = {
			isa = XCBuildConfiguration;
			buildSettings = {
				ALWAYS_EMBED_SWIFT_STANDARD_LIBRARIES = YES;
				CODE_SIGN_STYLE = Automatic;
				CURRENT_PROJECT_VERSION = 1;
				DEVELOPMENT_TEAM = 44RS35G3C5;
				GENERATE_INFOPLIST_FILE = YES;
				MARKETING_VERSION = 1.0;
				PRODUCT_BUNDLE_IDENTIFIER = org.ssak3.TaxiUITests;
				PRODUCT_NAME = "$(TARGET_NAME)";
				SWIFT_EMIT_LOC_STRINGS = NO;
				SWIFT_VERSION = 5.0;
				TARGETED_DEVICE_FAMILY = "1,2";
				TEST_TARGET_NAME = Taxi;
			};
			name = Debug;
		};
		000D834E2840E23A00BA3DFA /* Release */ = {
			isa = XCBuildConfiguration;
			buildSettings = {
				ALWAYS_EMBED_SWIFT_STANDARD_LIBRARIES = YES;
				CODE_SIGN_STYLE = Automatic;
				CURRENT_PROJECT_VERSION = 1;
				DEVELOPMENT_TEAM = 44RS35G3C5;
				GENERATE_INFOPLIST_FILE = YES;
				MARKETING_VERSION = 1.0;
				PRODUCT_BUNDLE_IDENTIFIER = org.ssak3.TaxiUITests;
				PRODUCT_NAME = "$(TARGET_NAME)";
				SWIFT_EMIT_LOC_STRINGS = NO;
				SWIFT_VERSION = 5.0;
				TARGETED_DEVICE_FAMILY = "1,2";
				TEST_TARGET_NAME = Taxi;
			};
			name = Release;
		};
/* End XCBuildConfiguration section */

/* Begin XCConfigurationList section */
		000D831D2840E23800BA3DFA /* Build configuration list for PBXProject "Taxi" */ = {
			isa = XCConfigurationList;
			buildConfigurations = (
				000D83442840E23A00BA3DFA /* Debug */,
				000D83452840E23A00BA3DFA /* Release */,
			);
			defaultConfigurationIsVisible = 0;
			defaultConfigurationName = Release;
		};
		000D83462840E23A00BA3DFA /* Build configuration list for PBXNativeTarget "Taxi" */ = {
			isa = XCConfigurationList;
			buildConfigurations = (
				000D83472840E23A00BA3DFA /* Debug */,
				000D83482840E23A00BA3DFA /* Release */,
			);
			defaultConfigurationIsVisible = 0;
			defaultConfigurationName = Release;
		};
		000D83492840E23A00BA3DFA /* Build configuration list for PBXNativeTarget "TaxiTests" */ = {
			isa = XCConfigurationList;
			buildConfigurations = (
				000D834A2840E23A00BA3DFA /* Debug */,
				000D834B2840E23A00BA3DFA /* Release */,
			);
			defaultConfigurationIsVisible = 0;
			defaultConfigurationName = Release;
		};
		000D834C2840E23A00BA3DFA /* Build configuration list for PBXNativeTarget "TaxiUITests" */ = {
			isa = XCConfigurationList;
			buildConfigurations = (
				000D834D2840E23A00BA3DFA /* Debug */,
				000D834E2840E23A00BA3DFA /* Release */,
			);
			defaultConfigurationIsVisible = 0;
			defaultConfigurationName = Release;
		};
/* End XCConfigurationList section */

/* Begin XCRemoteSwiftPackageReference section */
		00F6B72828596F7D00DACA06 /* XCRemoteSwiftPackageReference "SwiftySegmentedPicker" */ = {
			isa = XCRemoteSwiftPackageReference;
			repositoryURL = "https://github.com/KazaiMazai/SwiftySegmentedPicker";
			requirement = {
				kind = upToNextMajorVersion;
				minimumVersion = 0.0.2;
			};
		};
		00F856982844A985008E2E2F /* XCRemoteSwiftPackageReference "firebase-ios-sdk" */ = {
			isa = XCRemoteSwiftPackageReference;
			repositoryURL = "https://github.com/firebase/firebase-ios-sdk";
			requirement = {
				kind = upToNextMajorVersion;
				minimumVersion = 9.0.0;
			};
		};
		50F3D18928537B110004B5CE /* XCRemoteSwiftPackageReference "SDWebImageSwiftUI" */ = {
			isa = XCRemoteSwiftPackageReference;
			repositoryURL = "https://github.com/SDWebImage/SDWebImageSwiftUI";
			requirement = {
				kind = upToNextMajorVersion;
				minimumVersion = 2.0.0;
			};
		};
/* End XCRemoteSwiftPackageReference section */

/* Begin XCSwiftPackageProductDependency section */
		000E83B6284A2DBF000CD5AA /* FirebaseMessaging */ = {
			isa = XCSwiftPackageProductDependency;
			package = 00F856982844A985008E2E2F /* XCRemoteSwiftPackageReference "firebase-ios-sdk" */;
			productName = FirebaseMessaging;
		};
		00F6B72928596F7D00DACA06 /* SegmentedPicker */ = {
			isa = XCSwiftPackageProductDependency;
			package = 00F6B72828596F7D00DACA06 /* XCRemoteSwiftPackageReference "SwiftySegmentedPicker" */;
			productName = SegmentedPicker;
		};
		00F856992844A985008E2E2F /* FirebaseAnalytics */ = {
			isa = XCSwiftPackageProductDependency;
			package = 00F856982844A985008E2E2F /* XCRemoteSwiftPackageReference "firebase-ios-sdk" */;
			productName = FirebaseAnalytics;
		};
		00F8569B2844A985008E2E2F /* FirebaseAuth */ = {
			isa = XCSwiftPackageProductDependency;
			package = 00F856982844A985008E2E2F /* XCRemoteSwiftPackageReference "firebase-ios-sdk" */;
			productName = FirebaseAuth;
		};
		00F8569D2844A985008E2E2F /* FirebaseAuthCombine-Community */ = {
			isa = XCSwiftPackageProductDependency;
			package = 00F856982844A985008E2E2F /* XCRemoteSwiftPackageReference "firebase-ios-sdk" */;
			productName = "FirebaseAuthCombine-Community";
		};
		00F8569F2844A985008E2E2F /* FirebaseFirestore */ = {
			isa = XCSwiftPackageProductDependency;
			package = 00F856982844A985008E2E2F /* XCRemoteSwiftPackageReference "firebase-ios-sdk" */;
			productName = FirebaseFirestore;
		};
		00F856A12844A985008E2E2F /* FirebaseFirestoreCombine-Community */ = {
			isa = XCSwiftPackageProductDependency;
			package = 00F856982844A985008E2E2F /* XCRemoteSwiftPackageReference "firebase-ios-sdk" */;
			productName = "FirebaseFirestoreCombine-Community";
		};
		00F856A32844A985008E2E2F /* FirebaseFirestoreSwift */ = {
			isa = XCSwiftPackageProductDependency;
			package = 00F856982844A985008E2E2F /* XCRemoteSwiftPackageReference "firebase-ios-sdk" */;
			productName = FirebaseFirestoreSwift;
		};
		00F856A52844A985008E2E2F /* FirebaseFunctions */ = {
			isa = XCSwiftPackageProductDependency;
			package = 00F856982844A985008E2E2F /* XCRemoteSwiftPackageReference "firebase-ios-sdk" */;
			productName = FirebaseFunctions;
		};
		00F856A72844A985008E2E2F /* FirebaseFunctionsCombine-Community */ = {
			isa = XCSwiftPackageProductDependency;
			package = 00F856982844A985008E2E2F /* XCRemoteSwiftPackageReference "firebase-ios-sdk" */;
			productName = "FirebaseFunctionsCombine-Community";
		};
		00F856A92844A985008E2E2F /* FirebaseStorage */ = {
			isa = XCSwiftPackageProductDependency;
			package = 00F856982844A985008E2E2F /* XCRemoteSwiftPackageReference "firebase-ios-sdk" */;
			productName = FirebaseStorage;
		};
		00F856AB2844A985008E2E2F /* FirebaseStorageCombine-Community */ = {
			isa = XCSwiftPackageProductDependency;
			package = 00F856982844A985008E2E2F /* XCRemoteSwiftPackageReference "firebase-ios-sdk" */;
			productName = "FirebaseStorageCombine-Community";
		};
		50F3D18A28537B110004B5CE /* SDWebImageSwiftUI */ = {
			isa = XCSwiftPackageProductDependency;
			package = 50F3D18928537B110004B5CE /* XCRemoteSwiftPackageReference "SDWebImageSwiftUI" */;
			productName = SDWebImageSwiftUI;
		};
/* End XCSwiftPackageProductDependency section */
	};
	rootObject = 000D831A2840E23800BA3DFA /* Project object */;
}
